
Microsoft Visual Studio Solution File, Format Version 11.00
# Visual Studio 2010
Project("{FAE04EC0-301F-11D3-BF4B-00C04F79EFBC}") = "GMServer", "GMServer\GMServer.csproj", "{B6F2209A-1D8C-4317-BDBF-340381587A7A}"
EndProject
Project("{2150E333-8FDC-42A3-9474-1A3956D46DE8}") = "Base", "Base", "{F48E6FF5-7D24-406D-9DE6-771B8D87E714}"
EndProject
Project("{FAE04EC0-301F-11D3-BF4B-00C04F79EFBC}") = "FastSocket", "Base\FastSocket\FastSocket.csproj", "{98C2F10A-9D59-4174-98EA-5C39ED768D11}"
EndProject
Project("{FAE04EC0-301F-11D3-BF4B-00C04F79EFBC}") = "Common", "Base\Common\Common.csproj", "{8129F8DD-03B9-4BED-AA2A-BE05E454C8B0}"
EndProject
Project("{FAE04EC0-301F-11D3-BF4B-00C04F79EFBC}") = "Framework", "Base\Framework\Framework.csproj", "{A4DF0F28-472A-4C9A-990A-0D0222B39A8A}"
EndProject
Project("{FAE04EC0-301F-11D3-BF4B-00C04F79EFBC}") = "Bson", "Base\Bson\Bson.csproj", "{0E9A3A2A-49CD-4F6C-847C-DC79B4B65CE6}"
EndProject
Project("{FAE04EC0-301F-11D3-BF4B-00C04F79EFBC}") = "Driver", "Base\Driver\Driver.csproj", "{AE5166CD-76B0-4911-BD80-CED9521F37A1}"
EndProject
Project("{FAE04EC0-301F-11D3-BF4B-00C04F79EFBC}") = "FastConfig", "Base\FastConfig\FastConfig.csproj", "{6763FB91-F400-4824-9870-8B4368E2F7D0}"
EndProject
Project("{FAE04EC0-301F-11D3-BF4B-00C04F79EFBC}") = "FastJson", "Base\FastJson\FastJson.csproj", "{62050C7E-AF69-4CD4-A8B0-20615E435553}"
EndProject
Project("{FAE04EC0-301F-11D3-BF4B-00C04F79EFBC}") = "GMClient", "GMClient\GMClient.csproj", "{3813B5AA-E657-4789-9EF7-E30449030D29}"
EndProject
Global
	GlobalSection(SolutionConfigurationPlatforms) = preSolution
		Debug|Any CPU = Debug|Any CPU
		Debug|Mixed Platforms = Debug|Mixed Platforms
		Debug|x64 = Debug|x64
		Debug|x86 = Debug|x86
		mono|Any CPU = mono|Any CPU
		mono|Mixed Platforms = mono|Mixed Platforms
		mono|x64 = mono|x64
		mono|x86 = mono|x86
		Release|Any CPU = Release|Any CPU
		Release|Mixed Platforms = Release|Mixed Platforms
		Release|x64 = Release|x64
		Release|x86 = Release|x86
	EndGlobalSection
	GlobalSection(ProjectConfigurationPlatforms) = postSolution
		{B6F2209A-1D8C-4317-BDBF-340381587A7A}.Debug|Any CPU.ActiveCfg = Debug|Any CPU
		{B6F2209A-1D8C-4317-BDBF-340381587A7A}.Debug|Any CPU.Build.0 = Debug|Any CPU
		{B6F2209A-1D8C-4317-BDBF-340381587A7A}.Debug|Mixed Platforms.ActiveCfg = Debug|Any CPU
		{B6F2209A-1D8C-4317-BDBF-340381587A7A}.Debug|Mixed Platforms.Build.0 = Debug|Any CPU
		{B6F2209A-1D8C-4317-BDBF-340381587A7A}.Debug|x64.ActiveCfg = Debug|Any CPU
		{B6F2209A-1D8C-4317-BDBF-340381587A7A}.Debug|x86.ActiveCfg = Debug|Any CPU
		{B6F2209A-1D8C-4317-BDBF-340381587A7A}.mono|Any CPU.ActiveCfg = Release|Any CPU
		{B6F2209A-1D8C-4317-BDBF-340381587A7A}.mono|Any CPU.Build.0 = Release|Any CPU
		{B6F2209A-1D8C-4317-BDBF-340381587A7A}.mono|Mixed Platforms.ActiveCfg = mono|Any CPU
		{B6F2209A-1D8C-4317-BDBF-340381587A7A}.mono|Mixed Platforms.Build.0 = mono|Any CPU
		{B6F2209A-1D8C-4317-BDBF-340381587A7A}.mono|x64.ActiveCfg = Release|Any CPU
		{B6F2209A-1D8C-4317-BDBF-340381587A7A}.mono|x86.ActiveCfg = Release|Any CPU
		{B6F2209A-1D8C-4317-BDBF-340381587A7A}.Release|Any CPU.ActiveCfg = Release|Any CPU
		{B6F2209A-1D8C-4317-BDBF-340381587A7A}.Release|Any CPU.Build.0 = Release|Any CPU
		{B6F2209A-1D8C-4317-BDBF-340381587A7A}.Release|Mixed Platforms.ActiveCfg = Release|Any CPU
		{B6F2209A-1D8C-4317-BDBF-340381587A7A}.Release|Mixed Platforms.Build.0 = Release|Any CPU
		{B6F2209A-1D8C-4317-BDBF-340381587A7A}.Release|x64.ActiveCfg = Release|Any CPU
		{B6F2209A-1D8C-4317-BDBF-340381587A7A}.Release|x86.ActiveCfg = Release|Any CPU
		{98C2F10A-9D59-4174-98EA-5C39ED768D11}.Debug|Any CPU.ActiveCfg = Debug|Any CPU
		{98C2F10A-9D59-4174-98EA-5C39ED768D11}.Debug|Any CPU.Build.0 = Debug|Any CPU
		{98C2F10A-9D59-4174-98EA-5C39ED768D11}.Debug|Mixed Platforms.ActiveCfg = Debug|Any CPU
		{98C2F10A-9D59-4174-98EA-5C39ED768D11}.Debug|Mixed Platforms.Build.0 = Debug|Any CPU
		{98C2F10A-9D59-4174-98EA-5C39ED768D11}.Debug|x64.ActiveCfg = Debug|Any CPU
		{98C2F10A-9D59-4174-98EA-5C39ED768D11}.Debug|x86.ActiveCfg = Debug|Any CPU
		{98C2F10A-9D59-4174-98EA-5C39ED768D11}.mono|Any CPU.ActiveCfg = mono|Any CPU
		{98C2F10A-9D59-4174-98EA-5C39ED768D11}.mono|Any CPU.Build.0 = mono|Any CPU
		{98C2F10A-9D59-4174-98EA-5C39ED768D11}.mono|Mixed Platforms.ActiveCfg = mono|Any CPU
		{98C2F10A-9D59-4174-98EA-5C39ED768D11}.mono|Mixed Platforms.Build.0 = mono|Any CPU
		{98C2F10A-9D59-4174-98EA-5C39ED768D11}.mono|x64.ActiveCfg = mono|Any CPU
		{98C2F10A-9D59-4174-98EA-5C39ED768D11}.mono|x86.ActiveCfg = mono|Any CPU
		{98C2F10A-9D59-4174-98EA-5C39ED768D11}.Release|Any CPU.ActiveCfg = Release|Any CPU
		{98C2F10A-9D59-4174-98EA-5C39ED768D11}.Release|Any CPU.Build.0 = Release|Any CPU
		{98C2F10A-9D59-4174-98EA-5C39ED768D11}.Release|Mixed Platforms.ActiveCfg = Release|Any CPU
		{98C2F10A-9D59-4174-98EA-5C39ED768D11}.Release|Mixed Platforms.Build.0 = Release|Any CPU
		{98C2F10A-9D59-4174-98EA-5C39ED768D11}.Release|x64.ActiveCfg = Release|Any CPU
		{98C2F10A-9D59-4174-98EA-5C39ED768D11}.Release|x86.ActiveCfg = Release|Any CPU
		{8129F8DD-03B9-4BED-AA2A-BE05E454C8B0}.Debug|Any CPU.ActiveCfg = Debug|Any CPU
		{8129F8DD-03B9-4BED-AA2A-BE05E454C8B0}.Debug|Any CPU.Build.0 = Debug|Any CPU
		{8129F8DD-03B9-4BED-AA2A-BE05E454C8B0}.Debug|Mixed Platforms.ActiveCfg = Debug|Any CPU
		{8129F8DD-03B9-4BED-AA2A-BE05E454C8B0}.Debug|Mixed Platforms.Build.0 = Debug|Any CPU
		{8129F8DD-03B9-4BED-AA2A-BE05E454C8B0}.Debug|x64.ActiveCfg = Debug|Any CPU
		{8129F8DD-03B9-4BED-AA2A-BE05E454C8B0}.Debug|x86.ActiveCfg = Debug|Any CPU
		{8129F8DD-03B9-4BED-AA2A-BE05E454C8B0}.mono|Any CPU.ActiveCfg = mono|Any CPU
		{8129F8DD-03B9-4BED-AA2A-BE05E454C8B0}.mono|Any CPU.Build.0 = mono|Any CPU
		{8129F8DD-03B9-4BED-AA2A-BE05E454C8B0}.mono|Mixed Platforms.ActiveCfg = mono|Any CPU
		{8129F8DD-03B9-4BED-AA2A-BE05E454C8B0}.mono|Mixed Platforms.Build.0 = mono|Any CPU
		{8129F8DD-03B9-4BED-AA2A-BE05E454C8B0}.mono|x64.ActiveCfg = mono|Any CPU
		{8129F8DD-03B9-4BED-AA2A-BE05E454C8B0}.mono|x86.ActiveCfg = mono|Any CPU
		{8129F8DD-03B9-4BED-AA2A-BE05E454C8B0}.Release|Any CPU.ActiveCfg = Release|Any CPU
		{8129F8DD-03B9-4BED-AA2A-BE05E454C8B0}.Release|Any CPU.Build.0 = Release|Any CPU
		{8129F8DD-03B9-4BED-AA2A-BE05E454C8B0}.Release|Mixed Platforms.ActiveCfg = Release|Any CPU
		{8129F8DD-03B9-4BED-AA2A-BE05E454C8B0}.Release|Mixed Platforms.Build.0 = Release|Any CPU
		{8129F8DD-03B9-4BED-AA2A-BE05E454C8B0}.Release|x64.ActiveCfg = Release|Any CPU
		{8129F8DD-03B9-4BED-AA2A-BE05E454C8B0}.Release|x86.ActiveCfg = Release|Any CPU
		{A4DF0F28-472A-4C9A-990A-0D0222B39A8A}.Debug|Any CPU.ActiveCfg = Debug|Any CPU
		{A4DF0F28-472A-4C9A-990A-0D0222B39A8A}.Debug|Any CPU.Build.0 = Debug|Any CPU
		{A4DF0F28-472A-4C9A-990A-0D0222B39A8A}.Debug|Mixed Platforms.ActiveCfg = Debug|Any CPU
		{A4DF0F28-472A-4C9A-990A-0D0222B39A8A}.Debug|Mixed Platforms.Build.0 = Debug|Any CPU
		{A4DF0F28-472A-4C9A-990A-0D0222B39A8A}.Debug|x64.ActiveCfg = Debug|Any CPU
		{A4DF0F28-472A-4C9A-990A-0D0222B39A8A}.Debug|x86.ActiveCfg = Debug|Any CPU
		{A4DF0F28-472A-4C9A-990A-0D0222B39A8A}.mono|Any CPU.ActiveCfg = mono|Any CPU
		{A4DF0F28-472A-4C9A-990A-0D0222B39A8A}.mono|Any CPU.Build.0 = mono|Any CPU
		{A4DF0F28-472A-4C9A-990A-0D0222B39A8A}.mono|Mixed Platforms.ActiveCfg = mono|Any CPU
		{A4DF0F28-472A-4C9A-990A-0D0222B39A8A}.mono|Mixed Platforms.Build.0 = mono|Any CPU
		{A4DF0F28-472A-4C9A-990A-0D0222B39A8A}.mono|x64.ActiveCfg = mono|Any CPU
		{A4DF0F28-472A-4C9A-990A-0D0222B39A8A}.mono|x86.ActiveCfg = mono|Any CPU
		{A4DF0F28-472A-4C9A-990A-0D0222B39A8A}.Release|Any CPU.ActiveCfg = Release|Any CPU
		{A4DF0F28-472A-4C9A-990A-0D0222B39A8A}.Release|Any CPU.Build.0 = Release|Any CPU
		{A4DF0F28-472A-4C9A-990A-0D0222B39A8A}.Release|Mixed Platforms.ActiveCfg = Release|Any CPU
		{A4DF0F28-472A-4C9A-990A-0D0222B39A8A}.Release|Mixed Platforms.Build.0 = Release|Any CPU
		{A4DF0F28-472A-4C9A-990A-0D0222B39A8A}.Release|x64.ActiveCfg = Release|Any CPU
		{A4DF0F28-472A-4C9A-990A-0D0222B39A8A}.Release|x86.ActiveCfg = Release|Any CPU
		{0E9A3A2A-49CD-4F6C-847C-DC79B4B65CE6}.Debug|Any CPU.ActiveCfg = Debug|Any CPU
		{0E9A3A2A-49CD-4F6C-847C-DC79B4B65CE6}.Debug|Any CPU.Build.0 = Debug|Any CPU
		{0E9A3A2A-49CD-4F6C-847C-DC79B4B65CE6}.Debug|Mixed Platforms.ActiveCfg = Debug|Any CPU
		{0E9A3A2A-49CD-4F6C-847C-DC79B4B65CE6}.Debug|Mixed Platforms.Build.0 = Debug|Any CPU
		{0E9A3A2A-49CD-4F6C-847C-DC79B4B65CE6}.Debug|x64.ActiveCfg = Debug|Any CPU
		{0E9A3A2A-49CD-4F6C-847C-DC79B4B65CE6}.Debug|x86.ActiveCfg = Debug|Any CPU
		{0E9A3A2A-49CD-4F6C-847C-DC79B4B65CE6}.mono|Any CPU.ActiveCfg = mono|Any CPU
		{0E9A3A2A-49CD-4F6C-847C-DC79B4B65CE6}.mono|Any CPU.Build.0 = mono|Any CPU
		{0E9A3A2A-49CD-4F6C-847C-DC79B4B65CE6}.mono|Mixed Platforms.ActiveCfg = mono|Any CPU
		{0E9A3A2A-49CD-4F6C-847C-DC79B4B65CE6}.mono|Mixed Platforms.Build.0 = mono|Any CPU
		{0E9A3A2A-49CD-4F6C-847C-DC79B4B65CE6}.mono|x64.ActiveCfg = mono|Any CPU
		{0E9A3A2A-49CD-4F6C-847C-DC79B4B65CE6}.mono|x86.ActiveCfg = mono|Any CPU
		{0E9A3A2A-49CD-4F6C-847C-DC79B4B65CE6}.Release|Any CPU.ActiveCfg = Release|Any CPU
		{0E9A3A2A-49CD-4F6C-847C-DC79B4B65CE6}.Release|Any CPU.Build.0 = Release|Any CPU
		{0E9A3A2A-49CD-4F6C-847C-DC79B4B65CE6}.Release|Mixed Platforms.ActiveCfg = Release|Any CPU
		{0E9A3A2A-49CD-4F6C-847C-DC79B4B65CE6}.Release|Mixed Platforms.Build.0 = Release|Any CPU
		{0E9A3A2A-49CD-4F6C-847C-DC79B4B65CE6}.Release|x64.ActiveCfg = Release|Any CPU
		{0E9A3A2A-49CD-4F6C-847C-DC79B4B65CE6}.Release|x86.ActiveCfg = Release|Any CPU
		{AE5166CD-76B0-4911-BD80-CED9521F37A1}.Debug|Any CPU.ActiveCfg = Debug|Any CPU
		{AE5166CD-76B0-4911-BD80-CED9521F37A1}.Debug|Any CPU.Build.0 = Debug|Any CPU
		{AE5166CD-76B0-4911-BD80-CED9521F37A1}.Debug|Mixed Platforms.ActiveCfg = Debug|Any CPU
		{AE5166CD-76B0-4911-BD80-CED9521F37A1}.Debug|Mixed Platforms.Build.0 = Debug|Any CPU
		{AE5166CD-76B0-4911-BD80-CED9521F37A1}.Debug|x64.ActiveCfg = Debug|Any CPU
		{AE5166CD-76B0-4911-BD80-CED9521F37A1}.Debug|x86.ActiveCfg = Debug|Any CPU
		{AE5166CD-76B0-4911-BD80-CED9521F37A1}.mono|Any CPU.ActiveCfg = mono|Any CPU
		{AE5166CD-76B0-4911-BD80-CED9521F37A1}.mono|Any CPU.Build.0 = mono|Any CPU
		{AE5166CD-76B0-4911-BD80-CED9521F37A1}.mono|Mixed Platforms.ActiveCfg = mono|Any CPU
		{AE5166CD-76B0-4911-BD80-CED9521F37A1}.mono|Mixed Platforms.Build.0 = mono|Any CPU
		{AE5166CD-76B0-4911-BD80-CED9521F37A1}.mono|x64.ActiveCfg = mono|Any CPU
		{AE5166CD-76B0-4911-BD80-CED9521F37A1}.mono|x86.ActiveCfg = mono|Any CPU
		{AE5166CD-76B0-4911-BD80-CED9521F37A1}.Release|Any CPU.ActiveCfg = Release|Any CPU
		{AE5166CD-76B0-4911-BD80-CED9521F37A1}.Release|Any CPU.Build.0 = Release|Any CPU
		{AE5166CD-76B0-4911-BD80-CED9521F37A1}.Release|Mixed Platforms.ActiveCfg = Release|Any CPU
		{AE5166CD-76B0-4911-BD80-CED9521F37A1}.Release|Mixed Platforms.Build.0 = Release|Any CPU
		{AE5166CD-76B0-4911-BD80-CED9521F37A1}.Release|x64.ActiveCfg = Release|Any CPU
		{AE5166CD-76B0-4911-BD80-CED9521F37A1}.Release|x86.ActiveCfg = Release|Any CPU
		{6763FB91-F400-4824-9870-8B4368E2F7D0}.Debug|Any CPU.ActiveCfg = Debug|Any CPU
		{6763FB91-F400-4824-9870-8B4368E2F7D0}.Debug|Any CPU.Build.0 = Debug|Any CPU
		{6763FB91-F400-4824-9870-8B4368E2F7D0}.Debug|Mixed Platforms.ActiveCfg = Debug|Any CPU
		{6763FB91-F400-4824-9870-8B4368E2F7D0}.Debug|Mixed Platforms.Build.0 = Debug|Any CPU
		{6763FB91-F400-4824-9870-8B4368E2F7D0}.Debug|x64.ActiveCfg = Debug|Any CPU
		{6763FB91-F400-4824-9870-8B4368E2F7D0}.Debug|x86.ActiveCfg = Debug|Any CPU
		{6763FB91-F400-4824-9870-8B4368E2F7D0}.mono|Any CPU.ActiveCfg = mono|Any CPU
		{6763FB91-F400-4824-9870-8B4368E2F7D0}.mono|Any CPU.Build.0 = mono|Any CPU
		{6763FB91-F400-4824-9870-8B4368E2F7D0}.mono|Mixed Platforms.ActiveCfg = mono|Any CPU
		{6763FB91-F400-4824-9870-8B4368E2F7D0}.mono|Mixed Platforms.Build.0 = mono|Any CPU
		{6763FB91-F400-4824-9870-8B4368E2F7D0}.mono|x64.ActiveCfg = mono|Any CPU
		{6763FB91-F400-4824-9870-8B4368E2F7D0}.mono|x86.ActiveCfg = mono|Any CPU
		{6763FB91-F400-4824-9870-8B4368E2F7D0}.Release|Any CPU.ActiveCfg = Release|Any CPU
		{6763FB91-F400-4824-9870-8B4368E2F7D0}.Release|Any CPU.Build.0 = Release|Any CPU
		{6763FB91-F400-4824-9870-8B4368E2F7D0}.Release|Mixed Platforms.ActiveCfg = Release|Any CPU
		{6763FB91-F400-4824-9870-8B4368E2F7D0}.Release|Mixed Platforms.Build.0 = Release|Any CPU
		{6763FB91-F400-4824-9870-8B4368E2F7D0}.Release|x64.ActiveCfg = Release|Any CPU
		{6763FB91-F400-4824-9870-8B4368E2F7D0}.Release|x86.ActiveCfg = Release|Any CPU
		{62050C7E-AF69-4CD4-A8B0-20615E435553}.Debug|Any CPU.ActiveCfg = Debug|Any CPU
		{62050C7E-AF69-4CD4-A8B0-20615E435553}.Debug|Any CPU.Build.0 = Debug|Any CPU
		{62050C7E-AF69-4CD4-A8B0-20615E435553}.Debug|Mixed Platforms.ActiveCfg = Debug|Any CPU
		{62050C7E-AF69-4CD4-A8B0-20615E435553}.Debug|Mixed Platforms.Build.0 = Debug|Any CPU
		{62050C7E-AF69-4CD4-A8B0-20615E435553}.Debug|x64.ActiveCfg = Debug|Any CPU
		{62050C7E-AF69-4CD4-A8B0-20615E435553}.Debug|x86.ActiveCfg = Debug|Any CPU
		{62050C7E-AF69-4CD4-A8B0-20615E435553}.mono|Any CPU.ActiveCfg = mono|Any CPU
		{62050C7E-AF69-4CD4-A8B0-20615E435553}.mono|Any CPU.Build.0 = mono|Any CPU
		{62050C7E-AF69-4CD4-A8B0-20615E435553}.mono|Mixed Platforms.ActiveCfg = mono|Any CPU
		{62050C7E-AF69-4CD4-A8B0-20615E435553}.mono|Mixed Platforms.Build.0 = mono|Any CPU
		{62050C7E-AF69-4CD4-A8B0-20615E435553}.mono|x64.ActiveCfg = mono|Any CPU
		{62050C7E-AF69-4CD4-A8B0-20615E435553}.mono|x86.ActiveCfg = mono|Any CPU
		{62050C7E-AF69-4CD4-A8B0-20615E435553}.Release|Any CPU.ActiveCfg = Release|Any CPU
		{62050C7E-AF69-4CD4-A8B0-20615E435553}.Release|Any CPU.Build.0 = Release|Any CPU
		{62050C7E-AF69-4CD4-A8B0-20615E435553}.Release|Mixed Platforms.ActiveCfg = Release|Any CPU
		{62050C7E-AF69-4CD4-A8B0-20615E435553}.Release|Mixed Platforms.Build.0 = Release|Any CPU
		{62050C7E-AF69-4CD4-A8B0-20615E435553}.Release|x64.ActiveCfg = Release|Any CPU
		{62050C7E-AF69-4CD4-A8B0-20615E435553}.Release|x86.ActiveCfg = Release|Any CPU
		{3813B5AA-E657-4789-9EF7-E30449030D29}.Debug|Any CPU.ActiveCfg = Debug|x86
		{3813B5AA-E657-4789-9EF7-E30449030D29}.Debug|Mixed Platforms.ActiveCfg = Debug|x86
		{3813B5AA-E657-4789-9EF7-E30449030D29}.Debug|Mixed Platforms.Build.0 = Debug|x86
		{3813B5AA-E657-4789-9EF7-E30449030D29}.Debug|x64.ActiveCfg = Debug|x86
		{3813B5AA-E657-4789-9EF7-E30449030D29}.Debug|x86.ActiveCfg = Debug|x86
		{3813B5AA-E657-4789-9EF7-E30449030D29}.Debug|x86.Build.0 = Debug|x86
		{3813B5AA-E657-4789-9EF7-E30449030D29}.mono|Any CPU.ActiveCfg = Release|x86
		{3813B5AA-E657-4789-9EF7-E30449030D29}.mono|Mixed Platforms.ActiveCfg = Release|x86
		{3813B5AA-E657-4789-9EF7-E30449030D29}.mono|Mixed Platforms.Build.0 = Release|x86
		{3813B5AA-E657-4789-9EF7-E30449030D29}.mono|x64.ActiveCfg = Release|x86
		{3813B5AA-E657-4789-9EF7-E30449030D29}.mono|x86.ActiveCfg = Release|x86
		{3813B5AA-E657-4789-9EF7-E30449030D29}.mono|x86.Build.0 = Release|x86
		{3813B5AA-E657-4789-9EF7-E30449030D29}.Release|Any CPU.ActiveCfg = Release|x86
		{3813B5AA-E657-4789-9EF7-E30449030D29}.Release|Mixed Platforms.ActiveCfg = Release|x86
		{3813B5AA-E657-4789-9EF7-E30449030D29}.Release|Mixed Platforms.Build.0 = Release|x86
		{3813B5AA-E657-4789-9EF7-E30449030D29}.Release|x64.ActiveCfg = Release|x86
		{3813B5AA-E657-4789-9EF7-E30449030D29}.Release|x86.ActiveCfg = Release|x86
		{3813B5AA-E657-4789-9EF7-E30449030D29}.Release|x86.Build.0 = Release|x86
	EndGlobalSection
	GlobalSection(SolutionProperties) = preSolution
		HideSolutionNode = FALSE
	EndGlobalSection
	GlobalSection(NestedProjects) = preSolution
		{98C2F10A-9D59-4174-98EA-5C39ED768D11} = {F48E6FF5-7D24-406D-9DE6-771B8D87E714}
		{8129F8DD-03B9-4BED-AA2A-BE05E454C8B0} = {F48E6FF5-7D24-406D-9DE6-771B8D87E714}
		{A4DF0F28-472A-4C9A-990A-0D0222B39A8A} = {F48E6FF5-7D24-406D-9DE6-771B8D87E714}
		{0E9A3A2A-49CD-4F6C-847C-DC79B4B65CE6} = {F48E6FF5-7D24-406D-9DE6-771B8D87E714}
		{AE5166CD-76B0-4911-BD80-CED9521F37A1} = {F48E6FF5-7D24-406D-9DE6-771B8D87E714}
		{6763FB91-F400-4824-9870-8B4368E2F7D0} = {F48E6FF5-7D24-406D-9DE6-771B8D87E714}
		{62050C7E-AF69-4CD4-A8B0-20615E435553} = {F48E6FF5-7D24-406D-9DE6-771B8D87E714}
	EndGlobalSection
EndGlobal
