
Microsoft Visual Studio Solution File, Format Version 11.00
# Visual Studio 2010
Project("{FAE04EC0-301F-11D3-BF4B-00C04F79EFBC}") = "Common", "Base\Common\Common.csproj", "{8129F8DD-03B9-4BED-AA2A-BE05E454C8B0}"
EndProject
Project("{FAE04EC0-301F-11D3-BF4B-00C04F79EFBC}") = "FrontServer", "FrontServer\FrontServer_QY.csproj", "{D44861B2-E120-4E02-B6A7-1189F58C7231}"
EndProject
Project("{FAE04EC0-301F-11D3-BF4B-00C04F79EFBC}") = "GameModule", "Resources\GameModule\GameModule.csproj", "{87EF2CF3-71EE-42F5-B758-022458117FF5}"
EndProject
Project("{FAE04EC0-301F-11D3-BF4B-00C04F79EFBC}") = "Framework", "Base\Framework\Framework.csproj", "{A4DF0F28-472A-4C9A-990A-0D0222B39A8A}"
EndProject
Project("{2150E333-8FDC-42A3-9474-1A3956D46DE8}") = "Extension", "Extension", "{36B001E6-369D-46EB-8FDE-372073FC066A}"
	ProjectSection(FolderGlobals) = preProject
		ZerocIce_HomeExpanded = D:\Program Files\ZeroC\Ice-3.4.1
	EndProjectSection
EndProject
Project("{2150E333-8FDC-42A3-9474-1A3956D46DE8}") = "Base", "Base", "{776E32EB-3F85-48C5-A3ED-E2A1F34278DE}"
	ProjectSection(FolderGlobals) = preProject
		ZerocIce_HomeExpanded = D:\Program Files\ZeroC\Ice-3.4.1
	EndProjectSection
EndProject
Project("{2150E333-8FDC-42A3-9474-1A3956D46DE8}") = "TestAnDemo", "TestAnDemo", "{0EE3C4CD-23B0-4D20-87B6-5EC724387E3C}"
	ProjectSection(FolderGlobals) = preProject
		ZerocIce_HomeExpanded = D:\Program Files\ZeroC\Ice-3.4.1
	EndProjectSection
EndProject
Project("{FAE04EC0-301F-11D3-BF4B-00C04F79EFBC}") = "GoodsModule", "Extension\GoodsModule\GoodsModule_QY.csproj", "{C0951B48-10E8-4567-986A-0B65A46F01E8}"
EndProject
Project("{FAE04EC0-301F-11D3-BF4B-00C04F79EFBC}") = "TaskModule", "Extension\TaskModeule\TaskModule_QY.csproj", "{50A44496-A598-48F6-A8A7-83E355725596}"
EndProject
Project("{FAE04EC0-301F-11D3-BF4B-00C04F79EFBC}") = "PetsModule", "Extension\PetsModule\PetsModule_QY.csproj", "{52D007EC-2DD2-4640-9D73-3C442B6FCC94}"
EndProject
Project("{FAE04EC0-301F-11D3-BF4B-00C04F79EFBC}") = "Bson", "Base\Bson\Bson.csproj", "{0E9A3A2A-49CD-4F6C-847C-DC79B4B65CE6}"
EndProject
Project("{FAE04EC0-301F-11D3-BF4B-00C04F79EFBC}") = "Driver", "Base\Driver\Driver.csproj", "{AE5166CD-76B0-4911-BD80-CED9521F37A1}"
EndProject
Project("{FAE04EC0-301F-11D3-BF4B-00C04F79EFBC}") = "Sinan.DataServer", "Service\Sinan.DataServer\Sinan.DataServer.csproj", "{665B45AC-C9AA-44DF-87B0-ABACECA5BF7F}"
EndProject
Project("{FAE04EC0-301F-11D3-BF4B-00C04F79EFBC}") = "SocialModule", "Extension\SocialModule\SocialModule_QY.csproj", "{E108C139-A3FA-4E7D-850D-36D8C71C81A9}"
EndProject
Project("{FAE04EC0-301F-11D3-BF4B-00C04F79EFBC}") = "SkillModule", "Extension\SkillModule\SkillModule_QY.csproj", "{8227889B-D6C5-4E00-A32A-5BB3A7B1A4BB}"
EndProject
Project("{FAE04EC0-301F-11D3-BF4B-00C04F79EFBC}") = "EmailModule", "Extension\EmailModule\EmailModule_QY.csproj", "{574C37B2-407E-4F47-B0C7-1751CA44E09E}"
EndProject
Project("{FAE04EC0-301F-11D3-BF4B-00C04F79EFBC}") = "FamilyModule", "Extension\FamilyModule\FamilyModule_QY.csproj", "{C7ECB105-AB73-4BC6-9AA2-AE813AD58181}"
EndProject
Project("{FAE04EC0-301F-11D3-BF4B-00C04F79EFBC}") = "EffortModule", "Extension\EffortModule\EffortModule_QY.csproj", "{6B877377-60D7-41BE-8DA1-5D65BF4B9701}"
EndProject
Project("{FAE04EC0-301F-11D3-BF4B-00C04F79EFBC}") = "HomeModule", "Extension\HomeModule\HomeModule_QY.csproj", "{A9C09F23-006C-4ABA-8DE4-A2546EFCEA13}"
EndProject
Project("{FAE04EC0-301F-11D3-BF4B-00C04F79EFBC}") = "DealModule", "Extension\DealModule\DealModule_QY.csproj", "{363B443C-B804-4870-A1DE-EAF3511BBDE6}"
EndProject
Project("{FAE04EC0-301F-11D3-BF4B-00C04F79EFBC}") = "AuctionModule", "Extension\AuctionModule\AuctionModule_QY.csproj", "{DE9F734A-3D43-4AF7-BB9A-425B16F7F2AD}"
EndProject
Project("{FAE04EC0-301F-11D3-BF4B-00C04F79EFBC}") = "GMModule", "Extension\GMModule\GMModule_QY.csproj", "{BD1E6B6B-B95C-4E84-B454-4C338C40A58D}"
EndProject
Project("{FAE04EC0-301F-11D3-BF4B-00C04F79EFBC}") = "FastSocket", "Base\FastSocket\FastSocket.csproj", "{98C2F10A-9D59-4174-98EA-5C39ED768D11}"
EndProject
Project("{FAE04EC0-301F-11D3-BF4B-00C04F79EFBC}") = "FastConfig", "Base\FastConfig\FastConfig.csproj", "{6763FB91-F400-4824-9870-8B4368E2F7D0}"
EndProject
Project("{FAE04EC0-301F-11D3-BF4B-00C04F79EFBC}") = "FastJson", "Base\FastJson\FastJson.csproj", "{62050C7E-AF69-4CD4-A8B0-20615E435553}"
EndProject
Project("{FAE04EC0-301F-11D3-BF4B-00C04F79EFBC}") = "BabyOPD", "Service\BodyOPD\BabyOPD.csproj", "{48CC7ADD-E396-4525-83D5-007D9BBA1951}"
EndProject
Project("{FAE04EC0-301F-11D3-BF4B-00C04F79EFBC}") = "ActivityModule", "Extension\ActivityModule\ActivityModule_QY.csproj", "{8B4B64FA-D2D3-4B8D-86CD-D4A6B4397413}"
EndProject
Project("{FAE04EC0-301F-11D3-BF4B-00C04F79EFBC}") = "ArenaModule", "Extension\ArenaModule\ArenaModule_QY.csproj", "{09C10726-C3A6-4733-8E10-BE9048EF67F2}"
EndProject
Project("{FAE04EC0-301F-11D3-BF4B-00C04F79EFBC}") = "SinanDemo", "TestAnDemo\SinanDemo\SinanDemo.csproj", "{A37F3045-F2EA-4635-BC67-6A10DA71723F}"
EndProject
Project("{FAE04EC0-301F-11D3-BF4B-00C04F79EFBC}") = "ManageModule", "Extension\ManageModule\ManageModule_QY.csproj", "{0E28C90E-F04E-4D80-AC85-0C9D097C42A7}"
EndProject
Project("{FAE04EC0-301F-11D3-BF4B-00C04F79EFBC}") = "ShipmentModule", "Extension\ShipmentModule\ShipmentModule_QY.csproj", "{2AD3CAE0-2A2C-4391-9014-896513C2BAC0}"
EndProject
Project("{FAE04EC0-301F-11D3-BF4B-00C04F79EFBC}") = "ShipmentService", "Service\ShipmentService\ShipmentService.csproj", "{C57ABEB6-56C8-4BD5-A960-ADF1B58725D9}"
EndProject
Project("{2150E333-8FDC-42A3-9474-1A3956D46DE8}") = "Service", "Service", "{2C021FC1-3B1D-40D8-8F08-138AC338FEA1}"
EndProject
Project("{FAE04EC0-301F-11D3-BF4B-00C04F79EFBC}") = "BabyAssistant", "Service\BabyAssistant\BabyAssistant.csproj", "{56D3B0BA-18F8-4DA7-AF11-2529AACE1881}"
EndProject
Project("{FAE04EC0-301F-11D3-BF4B-00C04F79EFBC}") = "47babyService", "Service\47BabyService\47babyService.csproj", "{05EA74C0-641E-44F2-811D-A98EA3A5A632}"
EndProject
Project("{2150E333-8FDC-42A3-9474-1A3956D46DE8}") = "Resources", "Resources", "{A33954C0-571D-44DE-8CF5-95FEACB5106D}"
EndProject
Project("{FAE04EC0-301F-11D3-BF4B-00C04F79EFBC}") = "Sinan.Text", "Resources\Sinan.Text\Sinan.Text.csproj", "{70F17D1C-2481-407A-A42C-ADC71BA7B9AC}"
EndProject
Project("{FAE04EC0-301F-11D3-BF4B-00C04F79EFBC}") = "RepairModule", "Extension\RepairModule\RepairModule_QY.csproj", "{D32F978D-8CD4-4CCE-9A59-E3F76B98FAC0}"
EndProject
Project("{FAE04EC0-301F-11D3-BF4B-00C04F79EFBC}") = "GameConfig", "Resources\GameConfig\GameConfig.csproj", "{0A4050B5-B486-48A0-B578-685A2213DA4B}"
EndProject
Project("{FAE04EC0-301F-11D3-BF4B-00C04F79EFBC}") = "ReportService", "Service\ReportService\ReportService.csproj", "{3A6432CD-6F76-4900-95BD-94E90E3E8091}"
EndProject
Project("{FAE04EC0-301F-11D3-BF4B-00C04F79EFBC}") = "PartModule", "Extension\PartModule\PartModule_QY.csproj", "{B5669C1A-AE64-45C6-B401-9B0D2239409D}"
EndProject
Project("{FAE04EC0-301F-11D3-BF4B-00C04F79EFBC}") = "StarModule", "Extension\StarModule\StarModule_QY.csproj", "{79891F7A-864A-4CA1-B27B-EBE9048526F5}"
EndProject
Project("{FAE04EC0-301F-11D3-BF4B-00C04F79EFBC}") = "OpenSns", "Base\OpenSns\OpenSns.csproj", "{A1BA778D-6E48-4DF7-A4ED-FEF260ABBDDC}"
EndProject
Project("{FAE04EC0-301F-11D3-BF4B-00C04F79EFBC}") = "WindowsConfig", "TestAnDemo\WindowsConfig\WindowsConfig.csproj", "{12196A23-1EE4-4D95-9F20-E75738651810}"
EndProject
Project("{FAE04EC0-301F-11D3-BF4B-00C04F79EFBC}") = "DbMerger", "TestAnDemo\DbMerger\DbMerger.csproj", "{944C8AFF-A660-4040-9FC3-2482F2756246}"
EndProject
Global
	GlobalSection(SolutionConfigurationPlatforms) = preSolution
		Debug|Any CPU = Debug|Any CPU
		Debug|Mixed Platforms = Debug|Mixed Platforms
		Debug|x64 = Debug|x64
		Debug|x86 = Debug|x86
		mono|Any CPU = mono|Any CPU
		mono|Mixed Platforms = mono|Mixed Platforms
		mono|x64 = mono|x64
		mono|x86 = mono|x86
		Release|Any CPU = Release|Any CPU
		Release|Mixed Platforms = Release|Mixed Platforms
		Release|x64 = Release|x64
		Release|x86 = Release|x86
	EndGlobalSection
	GlobalSection(ProjectConfigurationPlatforms) = postSolution
		{8129F8DD-03B9-4BED-AA2A-BE05E454C8B0}.Debug|Any CPU.ActiveCfg = Debug|Any CPU
		{8129F8DD-03B9-4BED-AA2A-BE05E454C8B0}.Debug|Any CPU.Build.0 = Debug|Any CPU
		{8129F8DD-03B9-4BED-AA2A-BE05E454C8B0}.Debug|Mixed Platforms.ActiveCfg = Debug|Any CPU
		{8129F8DD-03B9-4BED-AA2A-BE05E454C8B0}.Debug|Mixed Platforms.Build.0 = Debug|Any CPU
		{8129F8DD-03B9-4BED-AA2A-BE05E454C8B0}.Debug|x64.ActiveCfg = Debug|Any CPU
		{8129F8DD-03B9-4BED-AA2A-BE05E454C8B0}.Debug|x86.ActiveCfg = Debug|Any CPU
		{8129F8DD-03B9-4BED-AA2A-BE05E454C8B0}.mono|Any CPU.ActiveCfg = mono|Any CPU
		{8129F8DD-03B9-4BED-AA2A-BE05E454C8B0}.mono|Any CPU.Build.0 = mono|Any CPU
		{8129F8DD-03B9-4BED-AA2A-BE05E454C8B0}.mono|Mixed Platforms.ActiveCfg = mono|Any CPU
		{8129F8DD-03B9-4BED-AA2A-BE05E454C8B0}.mono|Mixed Platforms.Build.0 = mono|Any CPU
		{8129F8DD-03B9-4BED-AA2A-BE05E454C8B0}.mono|x64.ActiveCfg = mono|Any CPU
		{8129F8DD-03B9-4BED-AA2A-BE05E454C8B0}.mono|x86.ActiveCfg = mono|Any CPU
		{8129F8DD-03B9-4BED-AA2A-BE05E454C8B0}.Release|Any CPU.ActiveCfg = Release|Any CPU
		{8129F8DD-03B9-4BED-AA2A-BE05E454C8B0}.Release|Any CPU.Build.0 = Release|Any CPU
		{8129F8DD-03B9-4BED-AA2A-BE05E454C8B0}.Release|Mixed Platforms.ActiveCfg = Release|Any CPU
		{8129F8DD-03B9-4BED-AA2A-BE05E454C8B0}.Release|Mixed Platforms.Build.0 = Release|Any CPU
		{8129F8DD-03B9-4BED-AA2A-BE05E454C8B0}.Release|x64.ActiveCfg = Release|Any CPU
		{8129F8DD-03B9-4BED-AA2A-BE05E454C8B0}.Release|x86.ActiveCfg = Release|Any CPU
		{D44861B2-E120-4E02-B6A7-1189F58C7231}.Debug|Any CPU.ActiveCfg = Debug|Any CPU
		{D44861B2-E120-4E02-B6A7-1189F58C7231}.Debug|Any CPU.Build.0 = Debug|Any CPU
		{D44861B2-E120-4E02-B6A7-1189F58C7231}.Debug|Mixed Platforms.ActiveCfg = Debug|Any CPU
		{D44861B2-E120-4E02-B6A7-1189F58C7231}.Debug|Mixed Platforms.Build.0 = Debug|Any CPU
		{D44861B2-E120-4E02-B6A7-1189F58C7231}.Debug|x64.ActiveCfg = Debug|Any CPU
		{D44861B2-E120-4E02-B6A7-1189F58C7231}.Debug|x86.ActiveCfg = Debug|Any CPU
		{D44861B2-E120-4E02-B6A7-1189F58C7231}.mono|Any CPU.ActiveCfg = mono|Any CPU
		{D44861B2-E120-4E02-B6A7-1189F58C7231}.mono|Any CPU.Build.0 = mono|Any CPU
		{D44861B2-E120-4E02-B6A7-1189F58C7231}.mono|Mixed Platforms.ActiveCfg = mono|Any CPU
		{D44861B2-E120-4E02-B6A7-1189F58C7231}.mono|Mixed Platforms.Build.0 = mono|Any CPU
		{D44861B2-E120-4E02-B6A7-1189F58C7231}.mono|x64.ActiveCfg = mono|Any CPU
		{D44861B2-E120-4E02-B6A7-1189F58C7231}.mono|x86.ActiveCfg = mono|Any CPU
		{D44861B2-E120-4E02-B6A7-1189F58C7231}.Release|Any CPU.ActiveCfg = Release|Any CPU
		{D44861B2-E120-4E02-B6A7-1189F58C7231}.Release|Any CPU.Build.0 = Release|Any CPU
		{D44861B2-E120-4E02-B6A7-1189F58C7231}.Release|Mixed Platforms.ActiveCfg = Release|Any CPU
		{D44861B2-E120-4E02-B6A7-1189F58C7231}.Release|Mixed Platforms.Build.0 = Release|Any CPU
		{D44861B2-E120-4E02-B6A7-1189F58C7231}.Release|x64.ActiveCfg = Release|Any CPU
		{D44861B2-E120-4E02-B6A7-1189F58C7231}.Release|x86.ActiveCfg = Release|Any CPU
		{87EF2CF3-71EE-42F5-B758-022458117FF5}.Debug|Any CPU.ActiveCfg = Debug|Any CPU
		{87EF2CF3-71EE-42F5-B758-022458117FF5}.Debug|Any CPU.Build.0 = Debug|Any CPU
		{87EF2CF3-71EE-42F5-B758-022458117FF5}.Debug|Mixed Platforms.ActiveCfg = Debug|Any CPU
		{87EF2CF3-71EE-42F5-B758-022458117FF5}.Debug|Mixed Platforms.Build.0 = Debug|Any CPU
		{87EF2CF3-71EE-42F5-B758-022458117FF5}.Debug|x64.ActiveCfg = Debug|Any CPU
		{87EF2CF3-71EE-42F5-B758-022458117FF5}.Debug|x86.ActiveCfg = Debug|Any CPU
		{87EF2CF3-71EE-42F5-B758-022458117FF5}.mono|Any CPU.ActiveCfg = mono|Any CPU
		{87EF2CF3-71EE-42F5-B758-022458117FF5}.mono|Any CPU.Build.0 = mono|Any CPU
		{87EF2CF3-71EE-42F5-B758-022458117FF5}.mono|Mixed Platforms.ActiveCfg = mono|Any CPU
		{87EF2CF3-71EE-42F5-B758-022458117FF5}.mono|Mixed Platforms.Build.0 = mono|Any CPU
		{87EF2CF3-71EE-42F5-B758-022458117FF5}.mono|x64.ActiveCfg = mono|Any CPU
		{87EF2CF3-71EE-42F5-B758-022458117FF5}.mono|x86.ActiveCfg = mono|Any CPU
		{87EF2CF3-71EE-42F5-B758-022458117FF5}.Release|Any CPU.ActiveCfg = Release|Any CPU
		{87EF2CF3-71EE-42F5-B758-022458117FF5}.Release|Any CPU.Build.0 = Release|Any CPU
		{87EF2CF3-71EE-42F5-B758-022458117FF5}.Release|Mixed Platforms.ActiveCfg = Release|Any CPU
		{87EF2CF3-71EE-42F5-B758-022458117FF5}.Release|Mixed Platforms.Build.0 = Release|Any CPU
		{87EF2CF3-71EE-42F5-B758-022458117FF5}.Release|x64.ActiveCfg = Release|Any CPU
		{87EF2CF3-71EE-42F5-B758-022458117FF5}.Release|x86.ActiveCfg = Release|Any CPU
		{A4DF0F28-472A-4C9A-990A-0D0222B39A8A}.Debug|Any CPU.ActiveCfg = Debug|Any CPU
		{A4DF0F28-472A-4C9A-990A-0D0222B39A8A}.Debug|Any CPU.Build.0 = Debug|Any CPU
		{A4DF0F28-472A-4C9A-990A-0D0222B39A8A}.Debug|Mixed Platforms.ActiveCfg = Debug|Any CPU
		{A4DF0F28-472A-4C9A-990A-0D0222B39A8A}.Debug|Mixed Platforms.Build.0 = Debug|Any CPU
		{A4DF0F28-472A-4C9A-990A-0D0222B39A8A}.Debug|x64.ActiveCfg = Debug|Any CPU
		{A4DF0F28-472A-4C9A-990A-0D0222B39A8A}.Debug|x86.ActiveCfg = Debug|Any CPU
		{A4DF0F28-472A-4C9A-990A-0D0222B39A8A}.mono|Any CPU.ActiveCfg = mono|Any CPU
		{A4DF0F28-472A-4C9A-990A-0D0222B39A8A}.mono|Any CPU.Build.0 = mono|Any CPU
		{A4DF0F28-472A-4C9A-990A-0D0222B39A8A}.mono|Mixed Platforms.ActiveCfg = mono|Any CPU
		{A4DF0F28-472A-4C9A-990A-0D0222B39A8A}.mono|Mixed Platforms.Build.0 = mono|Any CPU
		{A4DF0F28-472A-4C9A-990A-0D0222B39A8A}.mono|x64.ActiveCfg = mono|Any CPU
		{A4DF0F28-472A-4C9A-990A-0D0222B39A8A}.mono|x86.ActiveCfg = mono|Any CPU
		{A4DF0F28-472A-4C9A-990A-0D0222B39A8A}.Release|Any CPU.ActiveCfg = Release|Any CPU
		{A4DF0F28-472A-4C9A-990A-0D0222B39A8A}.Release|Any CPU.Build.0 = Release|Any CPU
		{A4DF0F28-472A-4C9A-990A-0D0222B39A8A}.Release|Mixed Platforms.ActiveCfg = Release|Any CPU
		{A4DF0F28-472A-4C9A-990A-0D0222B39A8A}.Release|Mixed Platforms.Build.0 = Release|Any CPU
		{A4DF0F28-472A-4C9A-990A-0D0222B39A8A}.Release|x64.ActiveCfg = Release|Any CPU
		{A4DF0F28-472A-4C9A-990A-0D0222B39A8A}.Release|x86.ActiveCfg = Release|Any CPU
		{C0951B48-10E8-4567-986A-0B65A46F01E8}.Debug|Any CPU.ActiveCfg = Debug|Any CPU
		{C0951B48-10E8-4567-986A-0B65A46F01E8}.Debug|Any CPU.Build.0 = Debug|Any CPU
		{C0951B48-10E8-4567-986A-0B65A46F01E8}.Debug|Mixed Platforms.ActiveCfg = Debug|Any CPU
		{C0951B48-10E8-4567-986A-0B65A46F01E8}.Debug|Mixed Platforms.Build.0 = Debug|Any CPU
		{C0951B48-10E8-4567-986A-0B65A46F01E8}.Debug|x64.ActiveCfg = Debug|Any CPU
		{C0951B48-10E8-4567-986A-0B65A46F01E8}.Debug|x86.ActiveCfg = Debug|Any CPU
		{C0951B48-10E8-4567-986A-0B65A46F01E8}.mono|Any CPU.ActiveCfg = mono|Any CPU
		{C0951B48-10E8-4567-986A-0B65A46F01E8}.mono|Any CPU.Build.0 = mono|Any CPU
		{C0951B48-10E8-4567-986A-0B65A46F01E8}.mono|Mixed Platforms.ActiveCfg = mono|Any CPU
		{C0951B48-10E8-4567-986A-0B65A46F01E8}.mono|Mixed Platforms.Build.0 = mono|Any CPU
		{C0951B48-10E8-4567-986A-0B65A46F01E8}.mono|x64.ActiveCfg = mono|Any CPU
		{C0951B48-10E8-4567-986A-0B65A46F01E8}.mono|x86.ActiveCfg = mono|Any CPU
		{C0951B48-10E8-4567-986A-0B65A46F01E8}.Release|Any CPU.ActiveCfg = Release|Any CPU
		{C0951B48-10E8-4567-986A-0B65A46F01E8}.Release|Any CPU.Build.0 = Release|Any CPU
		{C0951B48-10E8-4567-986A-0B65A46F01E8}.Release|Mixed Platforms.ActiveCfg = Release|Any CPU
		{C0951B48-10E8-4567-986A-0B65A46F01E8}.Release|Mixed Platforms.Build.0 = Release|Any CPU
		{C0951B48-10E8-4567-986A-0B65A46F01E8}.Release|x64.ActiveCfg = Release|Any CPU
		{C0951B48-10E8-4567-986A-0B65A46F01E8}.Release|x86.ActiveCfg = Release|Any CPU
		{50A44496-A598-48F6-A8A7-83E355725596}.Debug|Any CPU.ActiveCfg = Debug|Any CPU
		{50A44496-A598-48F6-A8A7-83E355725596}.Debug|Any CPU.Build.0 = Debug|Any CPU
		{50A44496-A598-48F6-A8A7-83E355725596}.Debug|Mixed Platforms.ActiveCfg = Debug|Any CPU
		{50A44496-A598-48F6-A8A7-83E355725596}.Debug|Mixed Platforms.Build.0 = Debug|Any CPU
		{50A44496-A598-48F6-A8A7-83E355725596}.Debug|x64.ActiveCfg = Debug|Any CPU
		{50A44496-A598-48F6-A8A7-83E355725596}.Debug|x86.ActiveCfg = Debug|Any CPU
		{50A44496-A598-48F6-A8A7-83E355725596}.mono|Any CPU.ActiveCfg = mono|Any CPU
		{50A44496-A598-48F6-A8A7-83E355725596}.mono|Any CPU.Build.0 = mono|Any CPU
		{50A44496-A598-48F6-A8A7-83E355725596}.mono|Mixed Platforms.ActiveCfg = mono|Any CPU
		{50A44496-A598-48F6-A8A7-83E355725596}.mono|Mixed Platforms.Build.0 = mono|Any CPU
		{50A44496-A598-48F6-A8A7-83E355725596}.mono|x64.ActiveCfg = mono|Any CPU
		{50A44496-A598-48F6-A8A7-83E355725596}.mono|x86.ActiveCfg = mono|Any CPU
		{50A44496-A598-48F6-A8A7-83E355725596}.Release|Any CPU.ActiveCfg = Release|Any CPU
		{50A44496-A598-48F6-A8A7-83E355725596}.Release|Any CPU.Build.0 = Release|Any CPU
		{50A44496-A598-48F6-A8A7-83E355725596}.Release|Mixed Platforms.ActiveCfg = Release|Any CPU
		{50A44496-A598-48F6-A8A7-83E355725596}.Release|Mixed Platforms.Build.0 = Release|Any CPU
		{50A44496-A598-48F6-A8A7-83E355725596}.Release|x64.ActiveCfg = Release|Any CPU
		{50A44496-A598-48F6-A8A7-83E355725596}.Release|x86.ActiveCfg = Release|Any CPU
		{52D007EC-2DD2-4640-9D73-3C442B6FCC94}.Debug|Any CPU.ActiveCfg = Debug|Any CPU
		{52D007EC-2DD2-4640-9D73-3C442B6FCC94}.Debug|Any CPU.Build.0 = Debug|Any CPU
		{52D007EC-2DD2-4640-9D73-3C442B6FCC94}.Debug|Mixed Platforms.ActiveCfg = Debug|Any CPU
		{52D007EC-2DD2-4640-9D73-3C442B6FCC94}.Debug|Mixed Platforms.Build.0 = Debug|Any CPU
		{52D007EC-2DD2-4640-9D73-3C442B6FCC94}.Debug|x64.ActiveCfg = Debug|Any CPU
		{52D007EC-2DD2-4640-9D73-3C442B6FCC94}.Debug|x86.ActiveCfg = Debug|Any CPU
		{52D007EC-2DD2-4640-9D73-3C442B6FCC94}.mono|Any CPU.ActiveCfg = mono|Any CPU
		{52D007EC-2DD2-4640-9D73-3C442B6FCC94}.mono|Any CPU.Build.0 = mono|Any CPU
		{52D007EC-2DD2-4640-9D73-3C442B6FCC94}.mono|Mixed Platforms.ActiveCfg = mono|Any CPU
		{52D007EC-2DD2-4640-9D73-3C442B6FCC94}.mono|Mixed Platforms.Build.0 = mono|Any CPU
		{52D007EC-2DD2-4640-9D73-3C442B6FCC94}.mono|x64.ActiveCfg = mono|Any CPU
		{52D007EC-2DD2-4640-9D73-3C442B6FCC94}.mono|x86.ActiveCfg = mono|Any CPU
		{52D007EC-2DD2-4640-9D73-3C442B6FCC94}.Release|Any CPU.ActiveCfg = Release|Any CPU
		{52D007EC-2DD2-4640-9D73-3C442B6FCC94}.Release|Any CPU.Build.0 = Release|Any CPU
		{52D007EC-2DD2-4640-9D73-3C442B6FCC94}.Release|Mixed Platforms.ActiveCfg = Release|Any CPU
		{52D007EC-2DD2-4640-9D73-3C442B6FCC94}.Release|Mixed Platforms.Build.0 = Release|Any CPU
		{52D007EC-2DD2-4640-9D73-3C442B6FCC94}.Release|x64.ActiveCfg = Release|Any CPU
		{52D007EC-2DD2-4640-9D73-3C442B6FCC94}.Release|x86.ActiveCfg = Release|Any CPU
		{0E9A3A2A-49CD-4F6C-847C-DC79B4B65CE6}.Debug|Any CPU.ActiveCfg = Debug|Any CPU
		{0E9A3A2A-49CD-4F6C-847C-DC79B4B65CE6}.Debug|Any CPU.Build.0 = Debug|Any CPU
		{0E9A3A2A-49CD-4F6C-847C-DC79B4B65CE6}.Debug|Mixed Platforms.ActiveCfg = Debug|Any CPU
		{0E9A3A2A-49CD-4F6C-847C-DC79B4B65CE6}.Debug|Mixed Platforms.Build.0 = Debug|Any CPU
		{0E9A3A2A-49CD-4F6C-847C-DC79B4B65CE6}.Debug|x64.ActiveCfg = Debug|Any CPU
		{0E9A3A2A-49CD-4F6C-847C-DC79B4B65CE6}.Debug|x86.ActiveCfg = Debug|Any CPU
		{0E9A3A2A-49CD-4F6C-847C-DC79B4B65CE6}.mono|Any CPU.ActiveCfg = mono|Any CPU
		{0E9A3A2A-49CD-4F6C-847C-DC79B4B65CE6}.mono|Any CPU.Build.0 = mono|Any CPU
		{0E9A3A2A-49CD-4F6C-847C-DC79B4B65CE6}.mono|Mixed Platforms.ActiveCfg = mono|Any CPU
		{0E9A3A2A-49CD-4F6C-847C-DC79B4B65CE6}.mono|Mixed Platforms.Build.0 = mono|Any CPU
		{0E9A3A2A-49CD-4F6C-847C-DC79B4B65CE6}.mono|x64.ActiveCfg = mono|x64
		{0E9A3A2A-49CD-4F6C-847C-DC79B4B65CE6}.mono|x64.Build.0 = mono|x64
		{0E9A3A2A-49CD-4F6C-847C-DC79B4B65CE6}.mono|x86.ActiveCfg = mono|x64
		{0E9A3A2A-49CD-4F6C-847C-DC79B4B65CE6}.Release|Any CPU.ActiveCfg = Release|Any CPU
		{0E9A3A2A-49CD-4F6C-847C-DC79B4B65CE6}.Release|Any CPU.Build.0 = Release|Any CPU
		{0E9A3A2A-49CD-4F6C-847C-DC79B4B65CE6}.Release|Mixed Platforms.ActiveCfg = Release|Any CPU
		{0E9A3A2A-49CD-4F6C-847C-DC79B4B65CE6}.Release|Mixed Platforms.Build.0 = Release|Any CPU
		{0E9A3A2A-49CD-4F6C-847C-DC79B4B65CE6}.Release|x64.ActiveCfg = Release|Any CPU
		{0E9A3A2A-49CD-4F6C-847C-DC79B4B65CE6}.Release|x86.ActiveCfg = Release|Any CPU
		{AE5166CD-76B0-4911-BD80-CED9521F37A1}.Debug|Any CPU.ActiveCfg = Debug|Any CPU
		{AE5166CD-76B0-4911-BD80-CED9521F37A1}.Debug|Any CPU.Build.0 = Debug|Any CPU
		{AE5166CD-76B0-4911-BD80-CED9521F37A1}.Debug|Mixed Platforms.ActiveCfg = Debug|Any CPU
		{AE5166CD-76B0-4911-BD80-CED9521F37A1}.Debug|Mixed Platforms.Build.0 = Debug|Any CPU
		{AE5166CD-76B0-4911-BD80-CED9521F37A1}.Debug|x64.ActiveCfg = Debug|Any CPU
		{AE5166CD-76B0-4911-BD80-CED9521F37A1}.Debug|x86.ActiveCfg = Debug|Any CPU
		{AE5166CD-76B0-4911-BD80-CED9521F37A1}.mono|Any CPU.ActiveCfg = mono|Any CPU
		{AE5166CD-76B0-4911-BD80-CED9521F37A1}.mono|Any CPU.Build.0 = mono|Any CPU
		{AE5166CD-76B0-4911-BD80-CED9521F37A1}.mono|Mixed Platforms.ActiveCfg = mono|Any CPU
		{AE5166CD-76B0-4911-BD80-CED9521F37A1}.mono|Mixed Platforms.Build.0 = mono|Any CPU
		{AE5166CD-76B0-4911-BD80-CED9521F37A1}.mono|x64.ActiveCfg = mono|Any CPU
		{AE5166CD-76B0-4911-BD80-CED9521F37A1}.mono|x86.ActiveCfg = mono|Any CPU
		{AE5166CD-76B0-4911-BD80-CED9521F37A1}.Release|Any CPU.ActiveCfg = Release|Any CPU
		{AE5166CD-76B0-4911-BD80-CED9521F37A1}.Release|Any CPU.Build.0 = Release|Any CPU
		{AE5166CD-76B0-4911-BD80-CED9521F37A1}.Release|Mixed Platforms.ActiveCfg = Release|Any CPU
		{AE5166CD-76B0-4911-BD80-CED9521F37A1}.Release|Mixed Platforms.Build.0 = Release|Any CPU
		{AE5166CD-76B0-4911-BD80-CED9521F37A1}.Release|x64.ActiveCfg = Release|Any CPU
		{AE5166CD-76B0-4911-BD80-CED9521F37A1}.Release|x86.ActiveCfg = Release|Any CPU
		{665B45AC-C9AA-44DF-87B0-ABACECA5BF7F}.Debug|Any CPU.ActiveCfg = Debug|Any CPU
		{665B45AC-C9AA-44DF-87B0-ABACECA5BF7F}.Debug|Any CPU.Build.0 = Debug|Any CPU
		{665B45AC-C9AA-44DF-87B0-ABACECA5BF7F}.Debug|Mixed Platforms.ActiveCfg = Debug|Any CPU
		{665B45AC-C9AA-44DF-87B0-ABACECA5BF7F}.Debug|Mixed Platforms.Build.0 = Debug|Any CPU
		{665B45AC-C9AA-44DF-87B0-ABACECA5BF7F}.Debug|x64.ActiveCfg = Debug|Any CPU
		{665B45AC-C9AA-44DF-87B0-ABACECA5BF7F}.Debug|x86.ActiveCfg = Debug|Any CPU
		{665B45AC-C9AA-44DF-87B0-ABACECA5BF7F}.mono|Any CPU.ActiveCfg = mono|Any CPU
		{665B45AC-C9AA-44DF-87B0-ABACECA5BF7F}.mono|Any CPU.Build.0 = mono|Any CPU
		{665B45AC-C9AA-44DF-87B0-ABACECA5BF7F}.mono|Mixed Platforms.ActiveCfg = mono|Any CPU
		{665B45AC-C9AA-44DF-87B0-ABACECA5BF7F}.mono|Mixed Platforms.Build.0 = mono|Any CPU
		{665B45AC-C9AA-44DF-87B0-ABACECA5BF7F}.mono|x64.ActiveCfg = mono|Any CPU
		{665B45AC-C9AA-44DF-87B0-ABACECA5BF7F}.mono|x86.ActiveCfg = mono|Any CPU
		{665B45AC-C9AA-44DF-87B0-ABACECA5BF7F}.Release|Any CPU.ActiveCfg = Release|Any CPU
		{665B45AC-C9AA-44DF-87B0-ABACECA5BF7F}.Release|Any CPU.Build.0 = Release|Any CPU
		{665B45AC-C9AA-44DF-87B0-ABACECA5BF7F}.Release|Mixed Platforms.ActiveCfg = Release|Any CPU
		{665B45AC-C9AA-44DF-87B0-ABACECA5BF7F}.Release|Mixed Platforms.Build.0 = Release|Any CPU
		{665B45AC-C9AA-44DF-87B0-ABACECA5BF7F}.Release|x64.ActiveCfg = Release|Any CPU
		{665B45AC-C9AA-44DF-87B0-ABACECA5BF7F}.Release|x86.ActiveCfg = Release|Any CPU
		{E108C139-A3FA-4E7D-850D-36D8C71C81A9}.Debug|Any CPU.ActiveCfg = Debug|Any CPU
		{E108C139-A3FA-4E7D-850D-36D8C71C81A9}.Debug|Any CPU.Build.0 = Debug|Any CPU
		{E108C139-A3FA-4E7D-850D-36D8C71C81A9}.Debug|Mixed Platforms.ActiveCfg = Debug|Any CPU
		{E108C139-A3FA-4E7D-850D-36D8C71C81A9}.Debug|Mixed Platforms.Build.0 = Debug|Any CPU
		{E108C139-A3FA-4E7D-850D-36D8C71C81A9}.Debug|x64.ActiveCfg = Debug|Any CPU
		{E108C139-A3FA-4E7D-850D-36D8C71C81A9}.Debug|x86.ActiveCfg = Debug|Any CPU
		{E108C139-A3FA-4E7D-850D-36D8C71C81A9}.mono|Any CPU.ActiveCfg = mono|Any CPU
		{E108C139-A3FA-4E7D-850D-36D8C71C81A9}.mono|Any CPU.Build.0 = mono|Any CPU
		{E108C139-A3FA-4E7D-850D-36D8C71C81A9}.mono|Mixed Platforms.ActiveCfg = mono|Any CPU
		{E108C139-A3FA-4E7D-850D-36D8C71C81A9}.mono|Mixed Platforms.Build.0 = mono|Any CPU
		{E108C139-A3FA-4E7D-850D-36D8C71C81A9}.mono|x64.ActiveCfg = mono|Any CPU
		{E108C139-A3FA-4E7D-850D-36D8C71C81A9}.mono|x86.ActiveCfg = mono|Any CPU
		{E108C139-A3FA-4E7D-850D-36D8C71C81A9}.Release|Any CPU.ActiveCfg = Release|Any CPU
		{E108C139-A3FA-4E7D-850D-36D8C71C81A9}.Release|Any CPU.Build.0 = Release|Any CPU
		{E108C139-A3FA-4E7D-850D-36D8C71C81A9}.Release|Mixed Platforms.ActiveCfg = Release|Any CPU
		{E108C139-A3FA-4E7D-850D-36D8C71C81A9}.Release|Mixed Platforms.Build.0 = Release|Any CPU
		{E108C139-A3FA-4E7D-850D-36D8C71C81A9}.Release|x64.ActiveCfg = Release|Any CPU
		{E108C139-A3FA-4E7D-850D-36D8C71C81A9}.Release|x86.ActiveCfg = Release|Any CPU
		{8227889B-D6C5-4E00-A32A-5BB3A7B1A4BB}.Debug|Any CPU.ActiveCfg = Debug|Any CPU
		{8227889B-D6C5-4E00-A32A-5BB3A7B1A4BB}.Debug|Any CPU.Build.0 = Debug|Any CPU
		{8227889B-D6C5-4E00-A32A-5BB3A7B1A4BB}.Debug|Mixed Platforms.ActiveCfg = Debug|Any CPU
		{8227889B-D6C5-4E00-A32A-5BB3A7B1A4BB}.Debug|Mixed Platforms.Build.0 = Debug|Any CPU
		{8227889B-D6C5-4E00-A32A-5BB3A7B1A4BB}.Debug|x64.ActiveCfg = Debug|Any CPU
		{8227889B-D6C5-4E00-A32A-5BB3A7B1A4BB}.Debug|x86.ActiveCfg = Debug|Any CPU
		{8227889B-D6C5-4E00-A32A-5BB3A7B1A4BB}.mono|Any CPU.ActiveCfg = mono|Any CPU
		{8227889B-D6C5-4E00-A32A-5BB3A7B1A4BB}.mono|Any CPU.Build.0 = mono|Any CPU
		{8227889B-D6C5-4E00-A32A-5BB3A7B1A4BB}.mono|Mixed Platforms.ActiveCfg = mono|Any CPU
		{8227889B-D6C5-4E00-A32A-5BB3A7B1A4BB}.mono|Mixed Platforms.Build.0 = mono|Any CPU
		{8227889B-D6C5-4E00-A32A-5BB3A7B1A4BB}.mono|x64.ActiveCfg = mono|Any CPU
		{8227889B-D6C5-4E00-A32A-5BB3A7B1A4BB}.mono|x86.ActiveCfg = mono|Any CPU
		{8227889B-D6C5-4E00-A32A-5BB3A7B1A4BB}.Release|Any CPU.ActiveCfg = Release|Any CPU
		{8227889B-D6C5-4E00-A32A-5BB3A7B1A4BB}.Release|Any CPU.Build.0 = Release|Any CPU
		{8227889B-D6C5-4E00-A32A-5BB3A7B1A4BB}.Release|Mixed Platforms.ActiveCfg = Release|Any CPU
		{8227889B-D6C5-4E00-A32A-5BB3A7B1A4BB}.Release|Mixed Platforms.Build.0 = Release|Any CPU
		{8227889B-D6C5-4E00-A32A-5BB3A7B1A4BB}.Release|x64.ActiveCfg = Release|Any CPU
		{8227889B-D6C5-4E00-A32A-5BB3A7B1A4BB}.Release|x86.ActiveCfg = Release|Any CPU
		{574C37B2-407E-4F47-B0C7-1751CA44E09E}.Debug|Any CPU.ActiveCfg = Debug|Any CPU
		{574C37B2-407E-4F47-B0C7-1751CA44E09E}.Debug|Any CPU.Build.0 = Debug|Any CPU
		{574C37B2-407E-4F47-B0C7-1751CA44E09E}.Debug|Mixed Platforms.ActiveCfg = Debug|Any CPU
		{574C37B2-407E-4F47-B0C7-1751CA44E09E}.Debug|Mixed Platforms.Build.0 = Debug|Any CPU
		{574C37B2-407E-4F47-B0C7-1751CA44E09E}.Debug|x64.ActiveCfg = Debug|Any CPU
		{574C37B2-407E-4F47-B0C7-1751CA44E09E}.Debug|x86.ActiveCfg = Debug|Any CPU
		{574C37B2-407E-4F47-B0C7-1751CA44E09E}.mono|Any CPU.ActiveCfg = mono|Any CPU
		{574C37B2-407E-4F47-B0C7-1751CA44E09E}.mono|Any CPU.Build.0 = mono|Any CPU
		{574C37B2-407E-4F47-B0C7-1751CA44E09E}.mono|Mixed Platforms.ActiveCfg = mono|Any CPU
		{574C37B2-407E-4F47-B0C7-1751CA44E09E}.mono|Mixed Platforms.Build.0 = mono|Any CPU
		{574C37B2-407E-4F47-B0C7-1751CA44E09E}.mono|x64.ActiveCfg = mono|Any CPU
		{574C37B2-407E-4F47-B0C7-1751CA44E09E}.mono|x86.ActiveCfg = mono|Any CPU
		{574C37B2-407E-4F47-B0C7-1751CA44E09E}.Release|Any CPU.ActiveCfg = Release|Any CPU
		{574C37B2-407E-4F47-B0C7-1751CA44E09E}.Release|Any CPU.Build.0 = Release|Any CPU
		{574C37B2-407E-4F47-B0C7-1751CA44E09E}.Release|Mixed Platforms.ActiveCfg = Release|Any CPU
		{574C37B2-407E-4F47-B0C7-1751CA44E09E}.Release|Mixed Platforms.Build.0 = Release|Any CPU
		{574C37B2-407E-4F47-B0C7-1751CA44E09E}.Release|x64.ActiveCfg = Release|Any CPU
		{574C37B2-407E-4F47-B0C7-1751CA44E09E}.Release|x86.ActiveCfg = Release|Any CPU
		{C7ECB105-AB73-4BC6-9AA2-AE813AD58181}.Debug|Any CPU.ActiveCfg = Debug|Any CPU
		{C7ECB105-AB73-4BC6-9AA2-AE813AD58181}.Debug|Any CPU.Build.0 = Debug|Any CPU
		{C7ECB105-AB73-4BC6-9AA2-AE813AD58181}.Debug|Mixed Platforms.ActiveCfg = Debug|Any CPU
		{C7ECB105-AB73-4BC6-9AA2-AE813AD58181}.Debug|Mixed Platforms.Build.0 = Debug|Any CPU
		{C7ECB105-AB73-4BC6-9AA2-AE813AD58181}.Debug|x64.ActiveCfg = Debug|Any CPU
		{C7ECB105-AB73-4BC6-9AA2-AE813AD58181}.Debug|x86.ActiveCfg = Debug|Any CPU
		{C7ECB105-AB73-4BC6-9AA2-AE813AD58181}.mono|Any CPU.ActiveCfg = mono|Any CPU
		{C7ECB105-AB73-4BC6-9AA2-AE813AD58181}.mono|Any CPU.Build.0 = mono|Any CPU
		{C7ECB105-AB73-4BC6-9AA2-AE813AD58181}.mono|Mixed Platforms.ActiveCfg = mono|Any CPU
		{C7ECB105-AB73-4BC6-9AA2-AE813AD58181}.mono|Mixed Platforms.Build.0 = mono|Any CPU
		{C7ECB105-AB73-4BC6-9AA2-AE813AD58181}.mono|x64.ActiveCfg = mono|Any CPU
		{C7ECB105-AB73-4BC6-9AA2-AE813AD58181}.mono|x86.ActiveCfg = mono|Any CPU
		{C7ECB105-AB73-4BC6-9AA2-AE813AD58181}.Release|Any CPU.ActiveCfg = Release|Any CPU
		{C7ECB105-AB73-4BC6-9AA2-AE813AD58181}.Release|Any CPU.Build.0 = Release|Any CPU
		{C7ECB105-AB73-4BC6-9AA2-AE813AD58181}.Release|Mixed Platforms.ActiveCfg = Release|Any CPU
		{C7ECB105-AB73-4BC6-9AA2-AE813AD58181}.Release|Mixed Platforms.Build.0 = Release|Any CPU
		{C7ECB105-AB73-4BC6-9AA2-AE813AD58181}.Release|x64.ActiveCfg = Release|Any CPU
		{C7ECB105-AB73-4BC6-9AA2-AE813AD58181}.Release|x86.ActiveCfg = Release|Any CPU
		{6B877377-60D7-41BE-8DA1-5D65BF4B9701}.Debug|Any CPU.ActiveCfg = Debug|Any CPU
		{6B877377-60D7-41BE-8DA1-5D65BF4B9701}.Debug|Any CPU.Build.0 = Debug|Any CPU
		{6B877377-60D7-41BE-8DA1-5D65BF4B9701}.Debug|Mixed Platforms.ActiveCfg = Debug|Any CPU
		{6B877377-60D7-41BE-8DA1-5D65BF4B9701}.Debug|Mixed Platforms.Build.0 = Debug|Any CPU
		{6B877377-60D7-41BE-8DA1-5D65BF4B9701}.Debug|x64.ActiveCfg = Debug|Any CPU
		{6B877377-60D7-41BE-8DA1-5D65BF4B9701}.Debug|x86.ActiveCfg = Debug|Any CPU
		{6B877377-60D7-41BE-8DA1-5D65BF4B9701}.mono|Any CPU.ActiveCfg = mono|Any CPU
		{6B877377-60D7-41BE-8DA1-5D65BF4B9701}.mono|Any CPU.Build.0 = mono|Any CPU
		{6B877377-60D7-41BE-8DA1-5D65BF4B9701}.mono|Mixed Platforms.ActiveCfg = mono|Any CPU
		{6B877377-60D7-41BE-8DA1-5D65BF4B9701}.mono|Mixed Platforms.Build.0 = mono|Any CPU
		{6B877377-60D7-41BE-8DA1-5D65BF4B9701}.mono|x64.ActiveCfg = mono|Any CPU
		{6B877377-60D7-41BE-8DA1-5D65BF4B9701}.mono|x86.ActiveCfg = mono|Any CPU
		{6B877377-60D7-41BE-8DA1-5D65BF4B9701}.Release|Any CPU.ActiveCfg = Release|Any CPU
		{6B877377-60D7-41BE-8DA1-5D65BF4B9701}.Release|Any CPU.Build.0 = Release|Any CPU
		{6B877377-60D7-41BE-8DA1-5D65BF4B9701}.Release|Mixed Platforms.ActiveCfg = Release|Any CPU
		{6B877377-60D7-41BE-8DA1-5D65BF4B9701}.Release|Mixed Platforms.Build.0 = Release|Any CPU
		{6B877377-60D7-41BE-8DA1-5D65BF4B9701}.Release|x64.ActiveCfg = Release|Any CPU
		{6B877377-60D7-41BE-8DA1-5D65BF4B9701}.Release|x86.ActiveCfg = Release|Any CPU
		{A9C09F23-006C-4ABA-8DE4-A2546EFCEA13}.Debug|Any CPU.ActiveCfg = Debug|Any CPU
		{A9C09F23-006C-4ABA-8DE4-A2546EFCEA13}.Debug|Any CPU.Build.0 = Debug|Any CPU
		{A9C09F23-006C-4ABA-8DE4-A2546EFCEA13}.Debug|Mixed Platforms.ActiveCfg = Debug|Any CPU
		{A9C09F23-006C-4ABA-8DE4-A2546EFCEA13}.Debug|Mixed Platforms.Build.0 = Debug|Any CPU
		{A9C09F23-006C-4ABA-8DE4-A2546EFCEA13}.Debug|x64.ActiveCfg = Debug|Any CPU
		{A9C09F23-006C-4ABA-8DE4-A2546EFCEA13}.Debug|x86.ActiveCfg = Debug|Any CPU
		{A9C09F23-006C-4ABA-8DE4-A2546EFCEA13}.mono|Any CPU.ActiveCfg = mono|Any CPU
		{A9C09F23-006C-4ABA-8DE4-A2546EFCEA13}.mono|Any CPU.Build.0 = mono|Any CPU
		{A9C09F23-006C-4ABA-8DE4-A2546EFCEA13}.mono|Mixed Platforms.ActiveCfg = mono|Any CPU
		{A9C09F23-006C-4ABA-8DE4-A2546EFCEA13}.mono|Mixed Platforms.Build.0 = mono|Any CPU
		{A9C09F23-006C-4ABA-8DE4-A2546EFCEA13}.mono|x64.ActiveCfg = mono|Any CPU
		{A9C09F23-006C-4ABA-8DE4-A2546EFCEA13}.mono|x86.ActiveCfg = mono|Any CPU
		{A9C09F23-006C-4ABA-8DE4-A2546EFCEA13}.Release|Any CPU.ActiveCfg = Release|Any CPU
		{A9C09F23-006C-4ABA-8DE4-A2546EFCEA13}.Release|Any CPU.Build.0 = Release|Any CPU
		{A9C09F23-006C-4ABA-8DE4-A2546EFCEA13}.Release|Mixed Platforms.ActiveCfg = Release|Any CPU
		{A9C09F23-006C-4ABA-8DE4-A2546EFCEA13}.Release|Mixed Platforms.Build.0 = Release|Any CPU
		{A9C09F23-006C-4ABA-8DE4-A2546EFCEA13}.Release|x64.ActiveCfg = Release|Any CPU
		{A9C09F23-006C-4ABA-8DE4-A2546EFCEA13}.Release|x86.ActiveCfg = Release|Any CPU
		{363B443C-B804-4870-A1DE-EAF3511BBDE6}.Debug|Any CPU.ActiveCfg = Debug|Any CPU
		{363B443C-B804-4870-A1DE-EAF3511BBDE6}.Debug|Any CPU.Build.0 = Debug|Any CPU
		{363B443C-B804-4870-A1DE-EAF3511BBDE6}.Debug|Mixed Platforms.ActiveCfg = Debug|Any CPU
		{363B443C-B804-4870-A1DE-EAF3511BBDE6}.Debug|Mixed Platforms.Build.0 = Debug|Any CPU
		{363B443C-B804-4870-A1DE-EAF3511BBDE6}.Debug|x64.ActiveCfg = Debug|Any CPU
		{363B443C-B804-4870-A1DE-EAF3511BBDE6}.Debug|x86.ActiveCfg = Debug|Any CPU
		{363B443C-B804-4870-A1DE-EAF3511BBDE6}.mono|Any CPU.ActiveCfg = mono|Any CPU
		{363B443C-B804-4870-A1DE-EAF3511BBDE6}.mono|Any CPU.Build.0 = mono|Any CPU
		{363B443C-B804-4870-A1DE-EAF3511BBDE6}.mono|Mixed Platforms.ActiveCfg = mono|Any CPU
		{363B443C-B804-4870-A1DE-EAF3511BBDE6}.mono|Mixed Platforms.Build.0 = mono|Any CPU
		{363B443C-B804-4870-A1DE-EAF3511BBDE6}.mono|x64.ActiveCfg = mono|Any CPU
		{363B443C-B804-4870-A1DE-EAF3511BBDE6}.mono|x86.ActiveCfg = mono|Any CPU
		{363B443C-B804-4870-A1DE-EAF3511BBDE6}.Release|Any CPU.ActiveCfg = Release|Any CPU
		{363B443C-B804-4870-A1DE-EAF3511BBDE6}.Release|Any CPU.Build.0 = Release|Any CPU
		{363B443C-B804-4870-A1DE-EAF3511BBDE6}.Release|Mixed Platforms.ActiveCfg = Release|Any CPU
		{363B443C-B804-4870-A1DE-EAF3511BBDE6}.Release|Mixed Platforms.Build.0 = Release|Any CPU
		{363B443C-B804-4870-A1DE-EAF3511BBDE6}.Release|x64.ActiveCfg = Release|Any CPU
		{363B443C-B804-4870-A1DE-EAF3511BBDE6}.Release|x86.ActiveCfg = Release|Any CPU
		{DE9F734A-3D43-4AF7-BB9A-425B16F7F2AD}.Debug|Any CPU.ActiveCfg = Debug|Any CPU
		{DE9F734A-3D43-4AF7-BB9A-425B16F7F2AD}.Debug|Any CPU.Build.0 = Debug|Any CPU
		{DE9F734A-3D43-4AF7-BB9A-425B16F7F2AD}.Debug|Mixed Platforms.ActiveCfg = Debug|Any CPU
		{DE9F734A-3D43-4AF7-BB9A-425B16F7F2AD}.Debug|Mixed Platforms.Build.0 = Debug|Any CPU
		{DE9F734A-3D43-4AF7-BB9A-425B16F7F2AD}.Debug|x64.ActiveCfg = Debug|Any CPU
		{DE9F734A-3D43-4AF7-BB9A-425B16F7F2AD}.Debug|x86.ActiveCfg = Debug|Any CPU
		{DE9F734A-3D43-4AF7-BB9A-425B16F7F2AD}.mono|Any CPU.ActiveCfg = mono|Any CPU
		{DE9F734A-3D43-4AF7-BB9A-425B16F7F2AD}.mono|Any CPU.Build.0 = mono|Any CPU
		{DE9F734A-3D43-4AF7-BB9A-425B16F7F2AD}.mono|Mixed Platforms.ActiveCfg = mono|Any CPU
		{DE9F734A-3D43-4AF7-BB9A-425B16F7F2AD}.mono|Mixed Platforms.Build.0 = mono|Any CPU
		{DE9F734A-3D43-4AF7-BB9A-425B16F7F2AD}.mono|x64.ActiveCfg = mono|Any CPU
		{DE9F734A-3D43-4AF7-BB9A-425B16F7F2AD}.mono|x86.ActiveCfg = mono|Any CPU
		{DE9F734A-3D43-4AF7-BB9A-425B16F7F2AD}.Release|Any CPU.ActiveCfg = Release|Any CPU
		{DE9F734A-3D43-4AF7-BB9A-425B16F7F2AD}.Release|Any CPU.Build.0 = Release|Any CPU
		{DE9F734A-3D43-4AF7-BB9A-425B16F7F2AD}.Release|Mixed Platforms.ActiveCfg = Release|Any CPU
		{DE9F734A-3D43-4AF7-BB9A-425B16F7F2AD}.Release|Mixed Platforms.Build.0 = Release|Any CPU
		{DE9F734A-3D43-4AF7-BB9A-425B16F7F2AD}.Release|x64.ActiveCfg = Release|Any CPU
		{DE9F734A-3D43-4AF7-BB9A-425B16F7F2AD}.Release|x86.ActiveCfg = Release|Any CPU
		{BD1E6B6B-B95C-4E84-B454-4C338C40A58D}.Debug|Any CPU.ActiveCfg = Debug|Any CPU
		{BD1E6B6B-B95C-4E84-B454-4C338C40A58D}.Debug|Any CPU.Build.0 = Debug|Any CPU
		{BD1E6B6B-B95C-4E84-B454-4C338C40A58D}.Debug|Mixed Platforms.ActiveCfg = Debug|Any CPU
		{BD1E6B6B-B95C-4E84-B454-4C338C40A58D}.Debug|Mixed Platforms.Build.0 = Debug|Any CPU
		{BD1E6B6B-B95C-4E84-B454-4C338C40A58D}.Debug|x64.ActiveCfg = Debug|Any CPU
		{BD1E6B6B-B95C-4E84-B454-4C338C40A58D}.Debug|x86.ActiveCfg = Debug|Any CPU
		{BD1E6B6B-B95C-4E84-B454-4C338C40A58D}.mono|Any CPU.ActiveCfg = mono|Any CPU
		{BD1E6B6B-B95C-4E84-B454-4C338C40A58D}.mono|Any CPU.Build.0 = mono|Any CPU
		{BD1E6B6B-B95C-4E84-B454-4C338C40A58D}.mono|Mixed Platforms.ActiveCfg = mono|Any CPU
		{BD1E6B6B-B95C-4E84-B454-4C338C40A58D}.mono|Mixed Platforms.Build.0 = mono|Any CPU
		{BD1E6B6B-B95C-4E84-B454-4C338C40A58D}.mono|x64.ActiveCfg = mono|Any CPU
		{BD1E6B6B-B95C-4E84-B454-4C338C40A58D}.mono|x86.ActiveCfg = mono|Any CPU
		{BD1E6B6B-B95C-4E84-B454-4C338C40A58D}.Release|Any CPU.ActiveCfg = Release|Any CPU
		{BD1E6B6B-B95C-4E84-B454-4C338C40A58D}.Release|Any CPU.Build.0 = Release|Any CPU
		{BD1E6B6B-B95C-4E84-B454-4C338C40A58D}.Release|Mixed Platforms.ActiveCfg = Release|Any CPU
		{BD1E6B6B-B95C-4E84-B454-4C338C40A58D}.Release|Mixed Platforms.Build.0 = Release|Any CPU
		{BD1E6B6B-B95C-4E84-B454-4C338C40A58D}.Release|x64.ActiveCfg = Release|Any CPU
		{BD1E6B6B-B95C-4E84-B454-4C338C40A58D}.Release|x86.ActiveCfg = Release|Any CPU
		{98C2F10A-9D59-4174-98EA-5C39ED768D11}.Debug|Any CPU.ActiveCfg = Debug|Any CPU
		{98C2F10A-9D59-4174-98EA-5C39ED768D11}.Debug|Any CPU.Build.0 = Debug|Any CPU
		{98C2F10A-9D59-4174-98EA-5C39ED768D11}.Debug|Mixed Platforms.ActiveCfg = Debug|Any CPU
		{98C2F10A-9D59-4174-98EA-5C39ED768D11}.Debug|Mixed Platforms.Build.0 = Debug|Any CPU
		{98C2F10A-9D59-4174-98EA-5C39ED768D11}.Debug|x64.ActiveCfg = Debug|Any CPU
		{98C2F10A-9D59-4174-98EA-5C39ED768D11}.Debug|x86.ActiveCfg = Debug|Any CPU
		{98C2F10A-9D59-4174-98EA-5C39ED768D11}.mono|Any CPU.ActiveCfg = mono|Any CPU
		{98C2F10A-9D59-4174-98EA-5C39ED768D11}.mono|Any CPU.Build.0 = mono|Any CPU
		{98C2F10A-9D59-4174-98EA-5C39ED768D11}.mono|Mixed Platforms.ActiveCfg = mono|Any CPU
		{98C2F10A-9D59-4174-98EA-5C39ED768D11}.mono|Mixed Platforms.Build.0 = mono|Any CPU
		{98C2F10A-9D59-4174-98EA-5C39ED768D11}.mono|x64.ActiveCfg = mono|Any CPU
		{98C2F10A-9D59-4174-98EA-5C39ED768D11}.mono|x86.ActiveCfg = mono|Any CPU
		{98C2F10A-9D59-4174-98EA-5C39ED768D11}.Release|Any CPU.ActiveCfg = Release|Any CPU
		{98C2F10A-9D59-4174-98EA-5C39ED768D11}.Release|Any CPU.Build.0 = Release|Any CPU
		{98C2F10A-9D59-4174-98EA-5C39ED768D11}.Release|Mixed Platforms.ActiveCfg = Release|Any CPU
		{98C2F10A-9D59-4174-98EA-5C39ED768D11}.Release|Mixed Platforms.Build.0 = Release|Any CPU
		{98C2F10A-9D59-4174-98EA-5C39ED768D11}.Release|x64.ActiveCfg = Release|Any CPU
		{98C2F10A-9D59-4174-98EA-5C39ED768D11}.Release|x86.ActiveCfg = Release|Any CPU
		{6763FB91-F400-4824-9870-8B4368E2F7D0}.Debug|Any CPU.ActiveCfg = Debug|Any CPU
		{6763FB91-F400-4824-9870-8B4368E2F7D0}.Debug|Any CPU.Build.0 = Debug|Any CPU
		{6763FB91-F400-4824-9870-8B4368E2F7D0}.Debug|Mixed Platforms.ActiveCfg = Debug|Any CPU
		{6763FB91-F400-4824-9870-8B4368E2F7D0}.Debug|Mixed Platforms.Build.0 = Debug|Any CPU
		{6763FB91-F400-4824-9870-8B4368E2F7D0}.Debug|x64.ActiveCfg = Debug|Any CPU
		{6763FB91-F400-4824-9870-8B4368E2F7D0}.Debug|x86.ActiveCfg = Debug|Any CPU
		{6763FB91-F400-4824-9870-8B4368E2F7D0}.mono|Any CPU.ActiveCfg = mono|Any CPU
		{6763FB91-F400-4824-9870-8B4368E2F7D0}.mono|Any CPU.Build.0 = mono|Any CPU
		{6763FB91-F400-4824-9870-8B4368E2F7D0}.mono|Mixed Platforms.ActiveCfg = mono|Any CPU
		{6763FB91-F400-4824-9870-8B4368E2F7D0}.mono|Mixed Platforms.Build.0 = mono|Any CPU
		{6763FB91-F400-4824-9870-8B4368E2F7D0}.mono|x64.ActiveCfg = mono|Any CPU
		{6763FB91-F400-4824-9870-8B4368E2F7D0}.mono|x86.ActiveCfg = mono|Any CPU
		{6763FB91-F400-4824-9870-8B4368E2F7D0}.Release|Any CPU.ActiveCfg = Release|Any CPU
		{6763FB91-F400-4824-9870-8B4368E2F7D0}.Release|Any CPU.Build.0 = Release|Any CPU
		{6763FB91-F400-4824-9870-8B4368E2F7D0}.Release|Mixed Platforms.ActiveCfg = Release|Any CPU
		{6763FB91-F400-4824-9870-8B4368E2F7D0}.Release|Mixed Platforms.Build.0 = Release|Any CPU
		{6763FB91-F400-4824-9870-8B4368E2F7D0}.Release|x64.ActiveCfg = Release|Any CPU
		{6763FB91-F400-4824-9870-8B4368E2F7D0}.Release|x86.ActiveCfg = Release|Any CPU
		{62050C7E-AF69-4CD4-A8B0-20615E435553}.Debug|Any CPU.ActiveCfg = Debug|Any CPU
		{62050C7E-AF69-4CD4-A8B0-20615E435553}.Debug|Any CPU.Build.0 = Debug|Any CPU
		{62050C7E-AF69-4CD4-A8B0-20615E435553}.Debug|Mixed Platforms.ActiveCfg = Debug|Any CPU
		{62050C7E-AF69-4CD4-A8B0-20615E435553}.Debug|Mixed Platforms.Build.0 = Debug|Any CPU
		{62050C7E-AF69-4CD4-A8B0-20615E435553}.Debug|x64.ActiveCfg = Debug|Any CPU
		{62050C7E-AF69-4CD4-A8B0-20615E435553}.Debug|x86.ActiveCfg = Debug|Any CPU
		{62050C7E-AF69-4CD4-A8B0-20615E435553}.mono|Any CPU.ActiveCfg = mono|Any CPU
		{62050C7E-AF69-4CD4-A8B0-20615E435553}.mono|Any CPU.Build.0 = mono|Any CPU
		{62050C7E-AF69-4CD4-A8B0-20615E435553}.mono|Mixed Platforms.ActiveCfg = mono|Any CPU
		{62050C7E-AF69-4CD4-A8B0-20615E435553}.mono|Mixed Platforms.Build.0 = mono|Any CPU
		{62050C7E-AF69-4CD4-A8B0-20615E435553}.mono|x64.ActiveCfg = mono|Any CPU
		{62050C7E-AF69-4CD4-A8B0-20615E435553}.mono|x86.ActiveCfg = mono|Any CPU
		{62050C7E-AF69-4CD4-A8B0-20615E435553}.Release|Any CPU.ActiveCfg = Release|Any CPU
		{62050C7E-AF69-4CD4-A8B0-20615E435553}.Release|Any CPU.Build.0 = Release|Any CPU
		{62050C7E-AF69-4CD4-A8B0-20615E435553}.Release|Mixed Platforms.ActiveCfg = Release|Any CPU
		{62050C7E-AF69-4CD4-A8B0-20615E435553}.Release|Mixed Platforms.Build.0 = Release|Any CPU
		{62050C7E-AF69-4CD4-A8B0-20615E435553}.Release|x64.ActiveCfg = Release|Any CPU
		{62050C7E-AF69-4CD4-A8B0-20615E435553}.Release|x86.ActiveCfg = Release|Any CPU
		{48CC7ADD-E396-4525-83D5-007D9BBA1951}.Debug|Any CPU.ActiveCfg = Debug|Any CPU
		{48CC7ADD-E396-4525-83D5-007D9BBA1951}.Debug|Any CPU.Build.0 = Debug|Any CPU
		{48CC7ADD-E396-4525-83D5-007D9BBA1951}.Debug|Mixed Platforms.ActiveCfg = Debug|Any CPU
		{48CC7ADD-E396-4525-83D5-007D9BBA1951}.Debug|Mixed Platforms.Build.0 = Debug|Any CPU
		{48CC7ADD-E396-4525-83D5-007D9BBA1951}.Debug|x64.ActiveCfg = Debug|Any CPU
		{48CC7ADD-E396-4525-83D5-007D9BBA1951}.Debug|x86.ActiveCfg = Debug|Any CPU
		{48CC7ADD-E396-4525-83D5-007D9BBA1951}.mono|Any CPU.ActiveCfg = mono|Any CPU
		{48CC7ADD-E396-4525-83D5-007D9BBA1951}.mono|Any CPU.Build.0 = mono|Any CPU
		{48CC7ADD-E396-4525-83D5-007D9BBA1951}.mono|Mixed Platforms.ActiveCfg = mono|Any CPU
		{48CC7ADD-E396-4525-83D5-007D9BBA1951}.mono|Mixed Platforms.Build.0 = mono|Any CPU
		{48CC7ADD-E396-4525-83D5-007D9BBA1951}.mono|x64.ActiveCfg = mono|Any CPU
		{48CC7ADD-E396-4525-83D5-007D9BBA1951}.mono|x86.ActiveCfg = mono|Any CPU
		{48CC7ADD-E396-4525-83D5-007D9BBA1951}.Release|Any CPU.ActiveCfg = Release|Any CPU
		{48CC7ADD-E396-4525-83D5-007D9BBA1951}.Release|Any CPU.Build.0 = Release|Any CPU
		{48CC7ADD-E396-4525-83D5-007D9BBA1951}.Release|Mixed Platforms.ActiveCfg = Release|Any CPU
		{48CC7ADD-E396-4525-83D5-007D9BBA1951}.Release|Mixed Platforms.Build.0 = Release|Any CPU
		{48CC7ADD-E396-4525-83D5-007D9BBA1951}.Release|x64.ActiveCfg = Release|Any CPU
		{48CC7ADD-E396-4525-83D5-007D9BBA1951}.Release|x86.ActiveCfg = Release|Any CPU
		{8B4B64FA-D2D3-4B8D-86CD-D4A6B4397413}.Debug|Any CPU.ActiveCfg = Debug|Any CPU
		{8B4B64FA-D2D3-4B8D-86CD-D4A6B4397413}.Debug|Any CPU.Build.0 = Debug|Any CPU
		{8B4B64FA-D2D3-4B8D-86CD-D4A6B4397413}.Debug|Mixed Platforms.ActiveCfg = Debug|Any CPU
		{8B4B64FA-D2D3-4B8D-86CD-D4A6B4397413}.Debug|Mixed Platforms.Build.0 = Debug|Any CPU
		{8B4B64FA-D2D3-4B8D-86CD-D4A6B4397413}.Debug|x64.ActiveCfg = Debug|Any CPU
		{8B4B64FA-D2D3-4B8D-86CD-D4A6B4397413}.Debug|x86.ActiveCfg = Debug|Any CPU
		{8B4B64FA-D2D3-4B8D-86CD-D4A6B4397413}.mono|Any CPU.ActiveCfg = mono|Any CPU
		{8B4B64FA-D2D3-4B8D-86CD-D4A6B4397413}.mono|Any CPU.Build.0 = mono|Any CPU
		{8B4B64FA-D2D3-4B8D-86CD-D4A6B4397413}.mono|Mixed Platforms.ActiveCfg = mono|Any CPU
		{8B4B64FA-D2D3-4B8D-86CD-D4A6B4397413}.mono|Mixed Platforms.Build.0 = mono|Any CPU
		{8B4B64FA-D2D3-4B8D-86CD-D4A6B4397413}.mono|x64.ActiveCfg = mono|Any CPU
		{8B4B64FA-D2D3-4B8D-86CD-D4A6B4397413}.mono|x86.ActiveCfg = mono|Any CPU
		{8B4B64FA-D2D3-4B8D-86CD-D4A6B4397413}.Release|Any CPU.ActiveCfg = Release|Any CPU
		{8B4B64FA-D2D3-4B8D-86CD-D4A6B4397413}.Release|Any CPU.Build.0 = Release|Any CPU
		{8B4B64FA-D2D3-4B8D-86CD-D4A6B4397413}.Release|Mixed Platforms.ActiveCfg = Release|Any CPU
		{8B4B64FA-D2D3-4B8D-86CD-D4A6B4397413}.Release|Mixed Platforms.Build.0 = Release|Any CPU
		{8B4B64FA-D2D3-4B8D-86CD-D4A6B4397413}.Release|x64.ActiveCfg = Release|Any CPU
		{8B4B64FA-D2D3-4B8D-86CD-D4A6B4397413}.Release|x86.ActiveCfg = Release|Any CPU
		{09C10726-C3A6-4733-8E10-BE9048EF67F2}.Debug|Any CPU.ActiveCfg = Debug|Any CPU
		{09C10726-C3A6-4733-8E10-BE9048EF67F2}.Debug|Any CPU.Build.0 = Debug|Any CPU
		{09C10726-C3A6-4733-8E10-BE9048EF67F2}.Debug|Mixed Platforms.ActiveCfg = Debug|Any CPU
		{09C10726-C3A6-4733-8E10-BE9048EF67F2}.Debug|Mixed Platforms.Build.0 = Debug|Any CPU
		{09C10726-C3A6-4733-8E10-BE9048EF67F2}.Debug|x64.ActiveCfg = Debug|Any CPU
		{09C10726-C3A6-4733-8E10-BE9048EF67F2}.Debug|x86.ActiveCfg = Debug|Any CPU
		{09C10726-C3A6-4733-8E10-BE9048EF67F2}.mono|Any CPU.ActiveCfg = mono|Any CPU
		{09C10726-C3A6-4733-8E10-BE9048EF67F2}.mono|Any CPU.Build.0 = mono|Any CPU
		{09C10726-C3A6-4733-8E10-BE9048EF67F2}.mono|Mixed Platforms.ActiveCfg = mono|Any CPU
		{09C10726-C3A6-4733-8E10-BE9048EF67F2}.mono|Mixed Platforms.Build.0 = mono|Any CPU
		{09C10726-C3A6-4733-8E10-BE9048EF67F2}.mono|x64.ActiveCfg = mono|Any CPU
		{09C10726-C3A6-4733-8E10-BE9048EF67F2}.mono|x86.ActiveCfg = mono|Any CPU
		{09C10726-C3A6-4733-8E10-BE9048EF67F2}.Release|Any CPU.ActiveCfg = Release|Any CPU
		{09C10726-C3A6-4733-8E10-BE9048EF67F2}.Release|Any CPU.Build.0 = Release|Any CPU
		{09C10726-C3A6-4733-8E10-BE9048EF67F2}.Release|Mixed Platforms.ActiveCfg = Release|Any CPU
		{09C10726-C3A6-4733-8E10-BE9048EF67F2}.Release|Mixed Platforms.Build.0 = Release|Any CPU
		{09C10726-C3A6-4733-8E10-BE9048EF67F2}.Release|x64.ActiveCfg = Release|Any CPU
		{09C10726-C3A6-4733-8E10-BE9048EF67F2}.Release|x86.ActiveCfg = Release|Any CPU
		{A37F3045-F2EA-4635-BC67-6A10DA71723F}.Debug|Any CPU.ActiveCfg = Debug|Any CPU
		{A37F3045-F2EA-4635-BC67-6A10DA71723F}.Debug|Any CPU.Build.0 = Debug|Any CPU
		{A37F3045-F2EA-4635-BC67-6A10DA71723F}.Debug|Mixed Platforms.ActiveCfg = Debug|Any CPU
		{A37F3045-F2EA-4635-BC67-6A10DA71723F}.Debug|Mixed Platforms.Build.0 = Debug|Any CPU
		{A37F3045-F2EA-4635-BC67-6A10DA71723F}.Debug|x64.ActiveCfg = Debug|Any CPU
		{A37F3045-F2EA-4635-BC67-6A10DA71723F}.Debug|x86.ActiveCfg = Debug|Any CPU
		{A37F3045-F2EA-4635-BC67-6A10DA71723F}.mono|Any CPU.ActiveCfg = mono|Any CPU
		{A37F3045-F2EA-4635-BC67-6A10DA71723F}.mono|Any CPU.Build.0 = mono|Any CPU
		{A37F3045-F2EA-4635-BC67-6A10DA71723F}.mono|Mixed Platforms.ActiveCfg = mono|Any CPU
		{A37F3045-F2EA-4635-BC67-6A10DA71723F}.mono|Mixed Platforms.Build.0 = mono|Any CPU
		{A37F3045-F2EA-4635-BC67-6A10DA71723F}.mono|x64.ActiveCfg = mono|Any CPU
		{A37F3045-F2EA-4635-BC67-6A10DA71723F}.mono|x86.ActiveCfg = mono|Any CPU
		{A37F3045-F2EA-4635-BC67-6A10DA71723F}.Release|Any CPU.ActiveCfg = Release|Any CPU
		{A37F3045-F2EA-4635-BC67-6A10DA71723F}.Release|Any CPU.Build.0 = Release|Any CPU
		{A37F3045-F2EA-4635-BC67-6A10DA71723F}.Release|Mixed Platforms.ActiveCfg = Release|Any CPU
		{A37F3045-F2EA-4635-BC67-6A10DA71723F}.Release|Mixed Platforms.Build.0 = Release|Any CPU
		{A37F3045-F2EA-4635-BC67-6A10DA71723F}.Release|x64.ActiveCfg = Release|Any CPU
		{A37F3045-F2EA-4635-BC67-6A10DA71723F}.Release|x86.ActiveCfg = Release|Any CPU
		{0E28C90E-F04E-4D80-AC85-0C9D097C42A7}.Debug|Any CPU.ActiveCfg = Debug|Any CPU
		{0E28C90E-F04E-4D80-AC85-0C9D097C42A7}.Debug|Any CPU.Build.0 = Debug|Any CPU
		{0E28C90E-F04E-4D80-AC85-0C9D097C42A7}.Debug|Mixed Platforms.ActiveCfg = Debug|Any CPU
		{0E28C90E-F04E-4D80-AC85-0C9D097C42A7}.Debug|Mixed Platforms.Build.0 = Debug|Any CPU
		{0E28C90E-F04E-4D80-AC85-0C9D097C42A7}.Debug|x64.ActiveCfg = Debug|Any CPU
		{0E28C90E-F04E-4D80-AC85-0C9D097C42A7}.Debug|x86.ActiveCfg = Debug|Any CPU
		{0E28C90E-F04E-4D80-AC85-0C9D097C42A7}.mono|Any CPU.ActiveCfg = mono|Any CPU
		{0E28C90E-F04E-4D80-AC85-0C9D097C42A7}.mono|Any CPU.Build.0 = mono|Any CPU
		{0E28C90E-F04E-4D80-AC85-0C9D097C42A7}.mono|Mixed Platforms.ActiveCfg = mono|Any CPU
		{0E28C90E-F04E-4D80-AC85-0C9D097C42A7}.mono|Mixed Platforms.Build.0 = mono|Any CPU
		{0E28C90E-F04E-4D80-AC85-0C9D097C42A7}.mono|x64.ActiveCfg = mono|Any CPU
		{0E28C90E-F04E-4D80-AC85-0C9D097C42A7}.mono|x86.ActiveCfg = mono|Any CPU
		{0E28C90E-F04E-4D80-AC85-0C9D097C42A7}.Release|Any CPU.ActiveCfg = Release|Any CPU
		{0E28C90E-F04E-4D80-AC85-0C9D097C42A7}.Release|Any CPU.Build.0 = Release|Any CPU
		{0E28C90E-F04E-4D80-AC85-0C9D097C42A7}.Release|Mixed Platforms.ActiveCfg = Release|Any CPU
		{0E28C90E-F04E-4D80-AC85-0C9D097C42A7}.Release|Mixed Platforms.Build.0 = Release|Any CPU
		{0E28C90E-F04E-4D80-AC85-0C9D097C42A7}.Release|x64.ActiveCfg = Release|Any CPU
		{0E28C90E-F04E-4D80-AC85-0C9D097C42A7}.Release|x86.ActiveCfg = Release|Any CPU
		{2AD3CAE0-2A2C-4391-9014-896513C2BAC0}.Debug|Any CPU.ActiveCfg = Debug|Any CPU
		{2AD3CAE0-2A2C-4391-9014-896513C2BAC0}.Debug|Any CPU.Build.0 = Debug|Any CPU
		{2AD3CAE0-2A2C-4391-9014-896513C2BAC0}.Debug|Mixed Platforms.ActiveCfg = Debug|Any CPU
		{2AD3CAE0-2A2C-4391-9014-896513C2BAC0}.Debug|Mixed Platforms.Build.0 = Debug|Any CPU
		{2AD3CAE0-2A2C-4391-9014-896513C2BAC0}.Debug|x64.ActiveCfg = Debug|Any CPU
		{2AD3CAE0-2A2C-4391-9014-896513C2BAC0}.Debug|x86.ActiveCfg = Debug|Any CPU
		{2AD3CAE0-2A2C-4391-9014-896513C2BAC0}.mono|Any CPU.ActiveCfg = mono|Any CPU
		{2AD3CAE0-2A2C-4391-9014-896513C2BAC0}.mono|Any CPU.Build.0 = mono|Any CPU
		{2AD3CAE0-2A2C-4391-9014-896513C2BAC0}.mono|Mixed Platforms.ActiveCfg = mono|Any CPU
		{2AD3CAE0-2A2C-4391-9014-896513C2BAC0}.mono|Mixed Platforms.Build.0 = mono|Any CPU
		{2AD3CAE0-2A2C-4391-9014-896513C2BAC0}.mono|x64.ActiveCfg = mono|Any CPU
		{2AD3CAE0-2A2C-4391-9014-896513C2BAC0}.mono|x86.ActiveCfg = mono|Any CPU
		{2AD3CAE0-2A2C-4391-9014-896513C2BAC0}.Release|Any CPU.ActiveCfg = Release|Any CPU
		{2AD3CAE0-2A2C-4391-9014-896513C2BAC0}.Release|Any CPU.Build.0 = Release|Any CPU
		{2AD3CAE0-2A2C-4391-9014-896513C2BAC0}.Release|Mixed Platforms.ActiveCfg = Release|Any CPU
		{2AD3CAE0-2A2C-4391-9014-896513C2BAC0}.Release|Mixed Platforms.Build.0 = Release|Any CPU
		{2AD3CAE0-2A2C-4391-9014-896513C2BAC0}.Release|x64.ActiveCfg = Release|Any CPU
		{2AD3CAE0-2A2C-4391-9014-896513C2BAC0}.Release|x86.ActiveCfg = Release|Any CPU
		{C57ABEB6-56C8-4BD5-A960-ADF1B58725D9}.Debug|Any CPU.ActiveCfg = Debug|Any CPU
		{C57ABEB6-56C8-4BD5-A960-ADF1B58725D9}.Debug|Any CPU.Build.0 = Debug|Any CPU
		{C57ABEB6-56C8-4BD5-A960-ADF1B58725D9}.Debug|Mixed Platforms.ActiveCfg = Debug|Any CPU
		{C57ABEB6-56C8-4BD5-A960-ADF1B58725D9}.Debug|Mixed Platforms.Build.0 = Debug|Any CPU
		{C57ABEB6-56C8-4BD5-A960-ADF1B58725D9}.Debug|x64.ActiveCfg = Debug|Any CPU
		{C57ABEB6-56C8-4BD5-A960-ADF1B58725D9}.Debug|x86.ActiveCfg = Debug|Any CPU
		{C57ABEB6-56C8-4BD5-A960-ADF1B58725D9}.mono|Any CPU.ActiveCfg = mono|Any CPU
		{C57ABEB6-56C8-4BD5-A960-ADF1B58725D9}.mono|Any CPU.Build.0 = mono|Any CPU
		{C57ABEB6-56C8-4BD5-A960-ADF1B58725D9}.mono|Mixed Platforms.ActiveCfg = mono|Any CPU
		{C57ABEB6-56C8-4BD5-A960-ADF1B58725D9}.mono|Mixed Platforms.Build.0 = mono|Any CPU
		{C57ABEB6-56C8-4BD5-A960-ADF1B58725D9}.mono|x64.ActiveCfg = mono|Any CPU
		{C57ABEB6-56C8-4BD5-A960-ADF1B58725D9}.mono|x86.ActiveCfg = mono|Any CPU
		{C57ABEB6-56C8-4BD5-A960-ADF1B58725D9}.Release|Any CPU.ActiveCfg = Release|Any CPU
		{C57ABEB6-56C8-4BD5-A960-ADF1B58725D9}.Release|Any CPU.Build.0 = Release|Any CPU
		{C57ABEB6-56C8-4BD5-A960-ADF1B58725D9}.Release|Mixed Platforms.ActiveCfg = Release|Any CPU
		{C57ABEB6-56C8-4BD5-A960-ADF1B58725D9}.Release|Mixed Platforms.Build.0 = Release|Any CPU
		{C57ABEB6-56C8-4BD5-A960-ADF1B58725D9}.Release|x64.ActiveCfg = Release|Any CPU
		{C57ABEB6-56C8-4BD5-A960-ADF1B58725D9}.Release|x86.ActiveCfg = Release|Any CPU
		{56D3B0BA-18F8-4DA7-AF11-2529AACE1881}.Debug|Any CPU.ActiveCfg = Debug|Any CPU
		{56D3B0BA-18F8-4DA7-AF11-2529AACE1881}.Debug|Any CPU.Build.0 = Debug|Any CPU
		{56D3B0BA-18F8-4DA7-AF11-2529AACE1881}.Debug|Mixed Platforms.ActiveCfg = Debug|Any CPU
		{56D3B0BA-18F8-4DA7-AF11-2529AACE1881}.Debug|Mixed Platforms.Build.0 = Debug|Any CPU
		{56D3B0BA-18F8-4DA7-AF11-2529AACE1881}.Debug|x64.ActiveCfg = Debug|Any CPU
		{56D3B0BA-18F8-4DA7-AF11-2529AACE1881}.Debug|x86.ActiveCfg = Debug|Any CPU
		{56D3B0BA-18F8-4DA7-AF11-2529AACE1881}.mono|Any CPU.ActiveCfg = mono|Any CPU
		{56D3B0BA-18F8-4DA7-AF11-2529AACE1881}.mono|Any CPU.Build.0 = mono|Any CPU
		{56D3B0BA-18F8-4DA7-AF11-2529AACE1881}.mono|Mixed Platforms.ActiveCfg = mono|Any CPU
		{56D3B0BA-18F8-4DA7-AF11-2529AACE1881}.mono|Mixed Platforms.Build.0 = mono|Any CPU
		{56D3B0BA-18F8-4DA7-AF11-2529AACE1881}.mono|x64.ActiveCfg = mono|Any CPU
		{56D3B0BA-18F8-4DA7-AF11-2529AACE1881}.mono|x86.ActiveCfg = mono|Any CPU
		{56D3B0BA-18F8-4DA7-AF11-2529AACE1881}.Release|Any CPU.ActiveCfg = Release|Any CPU
		{56D3B0BA-18F8-4DA7-AF11-2529AACE1881}.Release|Any CPU.Build.0 = Release|Any CPU
		{56D3B0BA-18F8-4DA7-AF11-2529AACE1881}.Release|Mixed Platforms.ActiveCfg = Release|Any CPU
		{56D3B0BA-18F8-4DA7-AF11-2529AACE1881}.Release|Mixed Platforms.Build.0 = Release|Any CPU
		{56D3B0BA-18F8-4DA7-AF11-2529AACE1881}.Release|x64.ActiveCfg = Release|Any CPU
		{56D3B0BA-18F8-4DA7-AF11-2529AACE1881}.Release|x86.ActiveCfg = Release|Any CPU
		{05EA74C0-641E-44F2-811D-A98EA3A5A632}.Debug|Any CPU.ActiveCfg = Debug|Any CPU
		{05EA74C0-641E-44F2-811D-A98EA3A5A632}.Debug|Any CPU.Build.0 = Debug|Any CPU
		{05EA74C0-641E-44F2-811D-A98EA3A5A632}.Debug|Mixed Platforms.ActiveCfg = Debug|Any CPU
		{05EA74C0-641E-44F2-811D-A98EA3A5A632}.Debug|Mixed Platforms.Build.0 = Debug|Any CPU
		{05EA74C0-641E-44F2-811D-A98EA3A5A632}.Debug|x64.ActiveCfg = Debug|Any CPU
		{05EA74C0-641E-44F2-811D-A98EA3A5A632}.Debug|x86.ActiveCfg = Debug|Any CPU
		{05EA74C0-641E-44F2-811D-A98EA3A5A632}.mono|Any CPU.ActiveCfg = mono|Any CPU
		{05EA74C0-641E-44F2-811D-A98EA3A5A632}.mono|Any CPU.Build.0 = mono|Any CPU
		{05EA74C0-641E-44F2-811D-A98EA3A5A632}.mono|Mixed Platforms.ActiveCfg = mono|Any CPU
		{05EA74C0-641E-44F2-811D-A98EA3A5A632}.mono|Mixed Platforms.Build.0 = mono|Any CPU
		{05EA74C0-641E-44F2-811D-A98EA3A5A632}.mono|x64.ActiveCfg = mono|Any CPU
		{05EA74C0-641E-44F2-811D-A98EA3A5A632}.mono|x86.ActiveCfg = mono|Any CPU
		{05EA74C0-641E-44F2-811D-A98EA3A5A632}.Release|Any CPU.ActiveCfg = Release|Any CPU
		{05EA74C0-641E-44F2-811D-A98EA3A5A632}.Release|Any CPU.Build.0 = Release|Any CPU
		{05EA74C0-641E-44F2-811D-A98EA3A5A632}.Release|Mixed Platforms.ActiveCfg = Release|Any CPU
		{05EA74C0-641E-44F2-811D-A98EA3A5A632}.Release|Mixed Platforms.Build.0 = Release|Any CPU
		{05EA74C0-641E-44F2-811D-A98EA3A5A632}.Release|x64.ActiveCfg = Release|Any CPU
		{05EA74C0-641E-44F2-811D-A98EA3A5A632}.Release|x86.ActiveCfg = Release|Any CPU
		{70F17D1C-2481-407A-A42C-ADC71BA7B9AC}.Debug|Any CPU.ActiveCfg = Debug|Any CPU
		{70F17D1C-2481-407A-A42C-ADC71BA7B9AC}.Debug|Any CPU.Build.0 = Debug|Any CPU
		{70F17D1C-2481-407A-A42C-ADC71BA7B9AC}.Debug|Mixed Platforms.ActiveCfg = Debug|Any CPU
		{70F17D1C-2481-407A-A42C-ADC71BA7B9AC}.Debug|Mixed Platforms.Build.0 = Debug|Any CPU
		{70F17D1C-2481-407A-A42C-ADC71BA7B9AC}.Debug|x64.ActiveCfg = Debug|Any CPU
		{70F17D1C-2481-407A-A42C-ADC71BA7B9AC}.Debug|x86.ActiveCfg = Debug|Any CPU
		{70F17D1C-2481-407A-A42C-ADC71BA7B9AC}.mono|Any CPU.ActiveCfg = mono|Any CPU
		{70F17D1C-2481-407A-A42C-ADC71BA7B9AC}.mono|Any CPU.Build.0 = mono|Any CPU
		{70F17D1C-2481-407A-A42C-ADC71BA7B9AC}.mono|Mixed Platforms.ActiveCfg = mono|Any CPU
		{70F17D1C-2481-407A-A42C-ADC71BA7B9AC}.mono|Mixed Platforms.Build.0 = mono|Any CPU
		{70F17D1C-2481-407A-A42C-ADC71BA7B9AC}.mono|x64.ActiveCfg = mono|Any CPU
		{70F17D1C-2481-407A-A42C-ADC71BA7B9AC}.mono|x86.ActiveCfg = mono|Any CPU
		{70F17D1C-2481-407A-A42C-ADC71BA7B9AC}.Release|Any CPU.ActiveCfg = Release|Any CPU
		{70F17D1C-2481-407A-A42C-ADC71BA7B9AC}.Release|Any CPU.Build.0 = Release|Any CPU
		{70F17D1C-2481-407A-A42C-ADC71BA7B9AC}.Release|Mixed Platforms.ActiveCfg = Release|Any CPU
		{70F17D1C-2481-407A-A42C-ADC71BA7B9AC}.Release|Mixed Platforms.Build.0 = Release|Any CPU
		{70F17D1C-2481-407A-A42C-ADC71BA7B9AC}.Release|x64.ActiveCfg = Release|Any CPU
		{70F17D1C-2481-407A-A42C-ADC71BA7B9AC}.Release|x86.ActiveCfg = Release|Any CPU
		{D32F978D-8CD4-4CCE-9A59-E3F76B98FAC0}.Debug|Any CPU.ActiveCfg = Debug|Any CPU
		{D32F978D-8CD4-4CCE-9A59-E3F76B98FAC0}.Debug|Any CPU.Build.0 = Debug|Any CPU
		{D32F978D-8CD4-4CCE-9A59-E3F76B98FAC0}.Debug|Mixed Platforms.ActiveCfg = Debug|Any CPU
		{D32F978D-8CD4-4CCE-9A59-E3F76B98FAC0}.Debug|Mixed Platforms.Build.0 = Debug|Any CPU
		{D32F978D-8CD4-4CCE-9A59-E3F76B98FAC0}.Debug|x64.ActiveCfg = Debug|Any CPU
		{D32F978D-8CD4-4CCE-9A59-E3F76B98FAC0}.Debug|x86.ActiveCfg = Debug|Any CPU
		{D32F978D-8CD4-4CCE-9A59-E3F76B98FAC0}.mono|Any CPU.ActiveCfg = mono|Any CPU
		{D32F978D-8CD4-4CCE-9A59-E3F76B98FAC0}.mono|Any CPU.Build.0 = mono|Any CPU
		{D32F978D-8CD4-4CCE-9A59-E3F76B98FAC0}.mono|Mixed Platforms.ActiveCfg = mono|Any CPU
		{D32F978D-8CD4-4CCE-9A59-E3F76B98FAC0}.mono|Mixed Platforms.Build.0 = mono|Any CPU
		{D32F978D-8CD4-4CCE-9A59-E3F76B98FAC0}.mono|x64.ActiveCfg = mono|Any CPU
		{D32F978D-8CD4-4CCE-9A59-E3F76B98FAC0}.mono|x86.ActiveCfg = mono|Any CPU
		{D32F978D-8CD4-4CCE-9A59-E3F76B98FAC0}.Release|Any CPU.ActiveCfg = Release|Any CPU
		{D32F978D-8CD4-4CCE-9A59-E3F76B98FAC0}.Release|Any CPU.Build.0 = Release|Any CPU
		{D32F978D-8CD4-4CCE-9A59-E3F76B98FAC0}.Release|Mixed Platforms.ActiveCfg = Release|Any CPU
		{D32F978D-8CD4-4CCE-9A59-E3F76B98FAC0}.Release|Mixed Platforms.Build.0 = Release|Any CPU
		{D32F978D-8CD4-4CCE-9A59-E3F76B98FAC0}.Release|x64.ActiveCfg = Release|Any CPU
		{D32F978D-8CD4-4CCE-9A59-E3F76B98FAC0}.Release|x86.ActiveCfg = Release|Any CPU
		{0A4050B5-B486-48A0-B578-685A2213DA4B}.Debug|Any CPU.ActiveCfg = Debug|Any CPU
		{0A4050B5-B486-48A0-B578-685A2213DA4B}.Debug|Any CPU.Build.0 = Debug|Any CPU
		{0A4050B5-B486-48A0-B578-685A2213DA4B}.Debug|Mixed Platforms.ActiveCfg = Debug|Any CPU
		{0A4050B5-B486-48A0-B578-685A2213DA4B}.Debug|Mixed Platforms.Build.0 = Debug|Any CPU
		{0A4050B5-B486-48A0-B578-685A2213DA4B}.Debug|x64.ActiveCfg = Debug|Any CPU
		{0A4050B5-B486-48A0-B578-685A2213DA4B}.Debug|x86.ActiveCfg = Debug|Any CPU
		{0A4050B5-B486-48A0-B578-685A2213DA4B}.mono|Any CPU.ActiveCfg = mono|Any CPU
		{0A4050B5-B486-48A0-B578-685A2213DA4B}.mono|Any CPU.Build.0 = mono|Any CPU
		{0A4050B5-B486-48A0-B578-685A2213DA4B}.mono|Mixed Platforms.ActiveCfg = mono|Any CPU
		{0A4050B5-B486-48A0-B578-685A2213DA4B}.mono|Mixed Platforms.Build.0 = mono|Any CPU
		{0A4050B5-B486-48A0-B578-685A2213DA4B}.mono|x64.ActiveCfg = mono|Any CPU
		{0A4050B5-B486-48A0-B578-685A2213DA4B}.mono|x86.ActiveCfg = mono|Any CPU
		{0A4050B5-B486-48A0-B578-685A2213DA4B}.Release|Any CPU.ActiveCfg = Release|Any CPU
		{0A4050B5-B486-48A0-B578-685A2213DA4B}.Release|Any CPU.Build.0 = Release|Any CPU
		{0A4050B5-B486-48A0-B578-685A2213DA4B}.Release|Mixed Platforms.ActiveCfg = Release|Any CPU
		{0A4050B5-B486-48A0-B578-685A2213DA4B}.Release|Mixed Platforms.Build.0 = Release|Any CPU
		{0A4050B5-B486-48A0-B578-685A2213DA4B}.Release|x64.ActiveCfg = Release|Any CPU
		{0A4050B5-B486-48A0-B578-685A2213DA4B}.Release|x86.ActiveCfg = Release|Any CPU
		{3A6432CD-6F76-4900-95BD-94E90E3E8091}.Debug|Any CPU.ActiveCfg = Debug|Any CPU
		{3A6432CD-6F76-4900-95BD-94E90E3E8091}.Debug|Any CPU.Build.0 = Debug|Any CPU
		{3A6432CD-6F76-4900-95BD-94E90E3E8091}.Debug|Mixed Platforms.ActiveCfg = Debug|Any CPU
		{3A6432CD-6F76-4900-95BD-94E90E3E8091}.Debug|Mixed Platforms.Build.0 = Debug|Any CPU
		{3A6432CD-6F76-4900-95BD-94E90E3E8091}.Debug|x64.ActiveCfg = Debug|Any CPU
		{3A6432CD-6F76-4900-95BD-94E90E3E8091}.Debug|x86.ActiveCfg = Debug|Any CPU
		{3A6432CD-6F76-4900-95BD-94E90E3E8091}.mono|Any CPU.ActiveCfg = mono|Any CPU
		{3A6432CD-6F76-4900-95BD-94E90E3E8091}.mono|Any CPU.Build.0 = mono|Any CPU
		{3A6432CD-6F76-4900-95BD-94E90E3E8091}.mono|Mixed Platforms.ActiveCfg = mono|Any CPU
		{3A6432CD-6F76-4900-95BD-94E90E3E8091}.mono|Mixed Platforms.Build.0 = mono|Any CPU
		{3A6432CD-6F76-4900-95BD-94E90E3E8091}.mono|x64.ActiveCfg = mono|Any CPU
		{3A6432CD-6F76-4900-95BD-94E90E3E8091}.mono|x86.ActiveCfg = mono|Any CPU
		{3A6432CD-6F76-4900-95BD-94E90E3E8091}.Release|Any CPU.ActiveCfg = Release|Any CPU
		{3A6432CD-6F76-4900-95BD-94E90E3E8091}.Release|Any CPU.Build.0 = Release|Any CPU
		{3A6432CD-6F76-4900-95BD-94E90E3E8091}.Release|Mixed Platforms.ActiveCfg = Release|Any CPU
		{3A6432CD-6F76-4900-95BD-94E90E3E8091}.Release|Mixed Platforms.Build.0 = Release|Any CPU
		{3A6432CD-6F76-4900-95BD-94E90E3E8091}.Release|x64.ActiveCfg = Release|Any CPU
		{3A6432CD-6F76-4900-95BD-94E90E3E8091}.Release|x86.ActiveCfg = Release|Any CPU
		{B5669C1A-AE64-45C6-B401-9B0D2239409D}.Debug|Any CPU.ActiveCfg = Debug|Any CPU
		{B5669C1A-AE64-45C6-B401-9B0D2239409D}.Debug|Any CPU.Build.0 = Debug|Any CPU
		{B5669C1A-AE64-45C6-B401-9B0D2239409D}.Debug|Mixed Platforms.ActiveCfg = Debug|Any CPU
		{B5669C1A-AE64-45C6-B401-9B0D2239409D}.Debug|Mixed Platforms.Build.0 = Debug|Any CPU
		{B5669C1A-AE64-45C6-B401-9B0D2239409D}.Debug|x64.ActiveCfg = Debug|Any CPU
		{B5669C1A-AE64-45C6-B401-9B0D2239409D}.Debug|x86.ActiveCfg = Debug|Any CPU
		{B5669C1A-AE64-45C6-B401-9B0D2239409D}.mono|Any CPU.ActiveCfg = mono|Any CPU
		{B5669C1A-AE64-45C6-B401-9B0D2239409D}.mono|Any CPU.Build.0 = mono|Any CPU
		{B5669C1A-AE64-45C6-B401-9B0D2239409D}.mono|Mixed Platforms.ActiveCfg = mono|Any CPU
		{B5669C1A-AE64-45C6-B401-9B0D2239409D}.mono|Mixed Platforms.Build.0 = mono|Any CPU
		{B5669C1A-AE64-45C6-B401-9B0D2239409D}.mono|x64.ActiveCfg = mono|Any CPU
		{B5669C1A-AE64-45C6-B401-9B0D2239409D}.mono|x86.ActiveCfg = mono|Any CPU
		{B5669C1A-AE64-45C6-B401-9B0D2239409D}.Release|Any CPU.ActiveCfg = Release|Any CPU
		{B5669C1A-AE64-45C6-B401-9B0D2239409D}.Release|Any CPU.Build.0 = Release|Any CPU
		{B5669C1A-AE64-45C6-B401-9B0D2239409D}.Release|Mixed Platforms.ActiveCfg = Release|Any CPU
		{B5669C1A-AE64-45C6-B401-9B0D2239409D}.Release|Mixed Platforms.Build.0 = Release|Any CPU
		{B5669C1A-AE64-45C6-B401-9B0D2239409D}.Release|x64.ActiveCfg = Release|Any CPU
		{B5669C1A-AE64-45C6-B401-9B0D2239409D}.Release|x86.ActiveCfg = Release|Any CPU
		{79891F7A-864A-4CA1-B27B-EBE9048526F5}.Debug|Any CPU.ActiveCfg = Debug|Any CPU
		{79891F7A-864A-4CA1-B27B-EBE9048526F5}.Debug|Any CPU.Build.0 = Debug|Any CPU
		{79891F7A-864A-4CA1-B27B-EBE9048526F5}.Debug|Mixed Platforms.ActiveCfg = Debug|Any CPU
		{79891F7A-864A-4CA1-B27B-EBE9048526F5}.Debug|Mixed Platforms.Build.0 = Debug|Any CPU
		{79891F7A-864A-4CA1-B27B-EBE9048526F5}.Debug|x64.ActiveCfg = Debug|Any CPU
		{79891F7A-864A-4CA1-B27B-EBE9048526F5}.Debug|x86.ActiveCfg = Debug|Any CPU
		{79891F7A-864A-4CA1-B27B-EBE9048526F5}.mono|Any CPU.ActiveCfg = mono|Any CPU
		{79891F7A-864A-4CA1-B27B-EBE9048526F5}.mono|Any CPU.Build.0 = mono|Any CPU
		{79891F7A-864A-4CA1-B27B-EBE9048526F5}.mono|Mixed Platforms.ActiveCfg = mono|Any CPU
		{79891F7A-864A-4CA1-B27B-EBE9048526F5}.mono|Mixed Platforms.Build.0 = mono|Any CPU
		{79891F7A-864A-4CA1-B27B-EBE9048526F5}.mono|x64.ActiveCfg = mono|Any CPU
		{79891F7A-864A-4CA1-B27B-EBE9048526F5}.mono|x86.ActiveCfg = mono|Any CPU
		{79891F7A-864A-4CA1-B27B-EBE9048526F5}.Release|Any CPU.ActiveCfg = Release|Any CPU
		{79891F7A-864A-4CA1-B27B-EBE9048526F5}.Release|Any CPU.Build.0 = Release|Any CPU
		{79891F7A-864A-4CA1-B27B-EBE9048526F5}.Release|Mixed Platforms.ActiveCfg = Release|Any CPU
		{79891F7A-864A-4CA1-B27B-EBE9048526F5}.Release|Mixed Platforms.Build.0 = Release|Any CPU
		{79891F7A-864A-4CA1-B27B-EBE9048526F5}.Release|x64.ActiveCfg = Release|Any CPU
		{79891F7A-864A-4CA1-B27B-EBE9048526F5}.Release|x86.ActiveCfg = Release|Any CPU
		{A1BA778D-6E48-4DF7-A4ED-FEF260ABBDDC}.Debug|Any CPU.ActiveCfg = Debug|Any CPU
		{A1BA778D-6E48-4DF7-A4ED-FEF260ABBDDC}.Debug|Any CPU.Build.0 = Debug|Any CPU
		{A1BA778D-6E48-4DF7-A4ED-FEF260ABBDDC}.Debug|Mixed Platforms.ActiveCfg = Debug|Any CPU
		{A1BA778D-6E48-4DF7-A4ED-FEF260ABBDDC}.Debug|Mixed Platforms.Build.0 = Debug|Any CPU
		{A1BA778D-6E48-4DF7-A4ED-FEF260ABBDDC}.Debug|x64.ActiveCfg = Debug|Any CPU
		{A1BA778D-6E48-4DF7-A4ED-FEF260ABBDDC}.Debug|x86.ActiveCfg = Debug|Any CPU
		{A1BA778D-6E48-4DF7-A4ED-FEF260ABBDDC}.mono|Any CPU.ActiveCfg = mono|Any CPU
		{A1BA778D-6E48-4DF7-A4ED-FEF260ABBDDC}.mono|Any CPU.Build.0 = mono|Any CPU
		{A1BA778D-6E48-4DF7-A4ED-FEF260ABBDDC}.mono|Mixed Platforms.ActiveCfg = mono|Any CPU
		{A1BA778D-6E48-4DF7-A4ED-FEF260ABBDDC}.mono|Mixed Platforms.Build.0 = mono|Any CPU
		{A1BA778D-6E48-4DF7-A4ED-FEF260ABBDDC}.mono|x64.ActiveCfg = mono|Any CPU
		{A1BA778D-6E48-4DF7-A4ED-FEF260ABBDDC}.mono|x86.ActiveCfg = mono|Any CPU
		{A1BA778D-6E48-4DF7-A4ED-FEF260ABBDDC}.Release|Any CPU.ActiveCfg = Release|Any CPU
		{A1BA778D-6E48-4DF7-A4ED-FEF260ABBDDC}.Release|Any CPU.Build.0 = Release|Any CPU
		{A1BA778D-6E48-4DF7-A4ED-FEF260ABBDDC}.Release|Mixed Platforms.ActiveCfg = Release|Any CPU
		{A1BA778D-6E48-4DF7-A4ED-FEF260ABBDDC}.Release|Mixed Platforms.Build.0 = Release|Any CPU
		{A1BA778D-6E48-4DF7-A4ED-FEF260ABBDDC}.Release|x64.ActiveCfg = Release|Any CPU
		{A1BA778D-6E48-4DF7-A4ED-FEF260ABBDDC}.Release|x86.ActiveCfg = Release|Any CPU
		{12196A23-1EE4-4D95-9F20-E75738651810}.Debug|Any CPU.ActiveCfg = Debug|Any CPU
		{12196A23-1EE4-4D95-9F20-E75738651810}.Debug|Any CPU.Build.0 = Debug|Any CPU
		{12196A23-1EE4-4D95-9F20-E75738651810}.Debug|Mixed Platforms.ActiveCfg = Debug|Any CPU
		{12196A23-1EE4-4D95-9F20-E75738651810}.Debug|Mixed Platforms.Build.0 = Debug|Any CPU
		{12196A23-1EE4-4D95-9F20-E75738651810}.Debug|x64.ActiveCfg = Debug|Any CPU
		{12196A23-1EE4-4D95-9F20-E75738651810}.Debug|x86.ActiveCfg = Debug|Any CPU
		{12196A23-1EE4-4D95-9F20-E75738651810}.mono|Any CPU.ActiveCfg = mono|Any CPU
		{12196A23-1EE4-4D95-9F20-E75738651810}.mono|Any CPU.Build.0 = mono|Any CPU
		{12196A23-1EE4-4D95-9F20-E75738651810}.mono|Mixed Platforms.ActiveCfg = mono|Any CPU
		{12196A23-1EE4-4D95-9F20-E75738651810}.mono|Mixed Platforms.Build.0 = mono|Any CPU
		{12196A23-1EE4-4D95-9F20-E75738651810}.mono|x64.ActiveCfg = mono|Any CPU
		{12196A23-1EE4-4D95-9F20-E75738651810}.mono|x86.ActiveCfg = mono|Any CPU
		{12196A23-1EE4-4D95-9F20-E75738651810}.Release|Any CPU.ActiveCfg = Release|Any CPU
		{12196A23-1EE4-4D95-9F20-E75738651810}.Release|Any CPU.Build.0 = Release|Any CPU
		{12196A23-1EE4-4D95-9F20-E75738651810}.Release|Mixed Platforms.ActiveCfg = Release|Any CPU
		{12196A23-1EE4-4D95-9F20-E75738651810}.Release|Mixed Platforms.Build.0 = Release|Any CPU
		{12196A23-1EE4-4D95-9F20-E75738651810}.Release|x64.ActiveCfg = Release|Any CPU
		{12196A23-1EE4-4D95-9F20-E75738651810}.Release|x86.ActiveCfg = Release|Any CPU
		{944C8AFF-A660-4040-9FC3-2482F2756246}.Debug|Any CPU.ActiveCfg = Debug|Any CPU
		{944C8AFF-A660-4040-9FC3-2482F2756246}.Debug|Any CPU.Build.0 = Debug|Any CPU
		{944C8AFF-A660-4040-9FC3-2482F2756246}.Debug|Mixed Platforms.ActiveCfg = Debug|Any CPU
		{944C8AFF-A660-4040-9FC3-2482F2756246}.Debug|Mixed Platforms.Build.0 = Debug|Any CPU
		{944C8AFF-A660-4040-9FC3-2482F2756246}.Debug|x64.ActiveCfg = Debug|Any CPU
		{944C8AFF-A660-4040-9FC3-2482F2756246}.Debug|x86.ActiveCfg = Debug|Any CPU
		{944C8AFF-A660-4040-9FC3-2482F2756246}.mono|Any CPU.ActiveCfg = Release|Any CPU
		{944C8AFF-A660-4040-9FC3-2482F2756246}.mono|Any CPU.Build.0 = Release|Any CPU
		{944C8AFF-A660-4040-9FC3-2482F2756246}.mono|Mixed Platforms.ActiveCfg = mono|Any CPU
		{944C8AFF-A660-4040-9FC3-2482F2756246}.mono|Mixed Platforms.Build.0 = mono|Any CPU
		{944C8AFF-A660-4040-9FC3-2482F2756246}.mono|x64.ActiveCfg = Release|Any CPU
		{944C8AFF-A660-4040-9FC3-2482F2756246}.mono|x86.ActiveCfg = Release|Any CPU
		{944C8AFF-A660-4040-9FC3-2482F2756246}.Release|Any CPU.ActiveCfg = Release|Any CPU
		{944C8AFF-A660-4040-9FC3-2482F2756246}.Release|Any CPU.Build.0 = Release|Any CPU
		{944C8AFF-A660-4040-9FC3-2482F2756246}.Release|Mixed Platforms.ActiveCfg = Release|Any CPU
		{944C8AFF-A660-4040-9FC3-2482F2756246}.Release|Mixed Platforms.Build.0 = Release|Any CPU
		{944C8AFF-A660-4040-9FC3-2482F2756246}.Release|x64.ActiveCfg = Release|Any CPU
		{944C8AFF-A660-4040-9FC3-2482F2756246}.Release|x86.ActiveCfg = Release|Any CPU
	EndGlobalSection
	GlobalSection(SolutionProperties) = preSolution
		HideSolutionNode = FALSE
	EndGlobalSection
	GlobalSection(NestedProjects) = preSolution
		{A4DF0F28-472A-4C9A-990A-0D0222B39A8A} = {776E32EB-3F85-48C5-A3ED-E2A1F34278DE}
		{8129F8DD-03B9-4BED-AA2A-BE05E454C8B0} = {776E32EB-3F85-48C5-A3ED-E2A1F34278DE}
		{0E9A3A2A-49CD-4F6C-847C-DC79B4B65CE6} = {776E32EB-3F85-48C5-A3ED-E2A1F34278DE}
		{AE5166CD-76B0-4911-BD80-CED9521F37A1} = {776E32EB-3F85-48C5-A3ED-E2A1F34278DE}
		{98C2F10A-9D59-4174-98EA-5C39ED768D11} = {776E32EB-3F85-48C5-A3ED-E2A1F34278DE}
		{6763FB91-F400-4824-9870-8B4368E2F7D0} = {776E32EB-3F85-48C5-A3ED-E2A1F34278DE}
		{62050C7E-AF69-4CD4-A8B0-20615E435553} = {776E32EB-3F85-48C5-A3ED-E2A1F34278DE}
		{A1BA778D-6E48-4DF7-A4ED-FEF260ABBDDC} = {776E32EB-3F85-48C5-A3ED-E2A1F34278DE}
		{87EF2CF3-71EE-42F5-B758-022458117FF5} = {A33954C0-571D-44DE-8CF5-95FEACB5106D}
		{70F17D1C-2481-407A-A42C-ADC71BA7B9AC} = {A33954C0-571D-44DE-8CF5-95FEACB5106D}
		{0A4050B5-B486-48A0-B578-685A2213DA4B} = {A33954C0-571D-44DE-8CF5-95FEACB5106D}
		{C0951B48-10E8-4567-986A-0B65A46F01E8} = {36B001E6-369D-46EB-8FDE-372073FC066A}
		{50A44496-A598-48F6-A8A7-83E355725596} = {36B001E6-369D-46EB-8FDE-372073FC066A}
		{52D007EC-2DD2-4640-9D73-3C442B6FCC94} = {36B001E6-369D-46EB-8FDE-372073FC066A}
		{E108C139-A3FA-4E7D-850D-36D8C71C81A9} = {36B001E6-369D-46EB-8FDE-372073FC066A}
		{8227889B-D6C5-4E00-A32A-5BB3A7B1A4BB} = {36B001E6-369D-46EB-8FDE-372073FC066A}
		{574C37B2-407E-4F47-B0C7-1751CA44E09E} = {36B001E6-369D-46EB-8FDE-372073FC066A}
		{C7ECB105-AB73-4BC6-9AA2-AE813AD58181} = {36B001E6-369D-46EB-8FDE-372073FC066A}
		{6B877377-60D7-41BE-8DA1-5D65BF4B9701} = {36B001E6-369D-46EB-8FDE-372073FC066A}
		{A9C09F23-006C-4ABA-8DE4-A2546EFCEA13} = {36B001E6-369D-46EB-8FDE-372073FC066A}
		{363B443C-B804-4870-A1DE-EAF3511BBDE6} = {36B001E6-369D-46EB-8FDE-372073FC066A}
		{DE9F734A-3D43-4AF7-BB9A-425B16F7F2AD} = {36B001E6-369D-46EB-8FDE-372073FC066A}
		{BD1E6B6B-B95C-4E84-B454-4C338C40A58D} = {36B001E6-369D-46EB-8FDE-372073FC066A}
		{8B4B64FA-D2D3-4B8D-86CD-D4A6B4397413} = {36B001E6-369D-46EB-8FDE-372073FC066A}
		{09C10726-C3A6-4733-8E10-BE9048EF67F2} = {36B001E6-369D-46EB-8FDE-372073FC066A}
		{0E28C90E-F04E-4D80-AC85-0C9D097C42A7} = {36B001E6-369D-46EB-8FDE-372073FC066A}
		{2AD3CAE0-2A2C-4391-9014-896513C2BAC0} = {36B001E6-369D-46EB-8FDE-372073FC066A}
		{D32F978D-8CD4-4CCE-9A59-E3F76B98FAC0} = {36B001E6-369D-46EB-8FDE-372073FC066A}
		{B5669C1A-AE64-45C6-B401-9B0D2239409D} = {36B001E6-369D-46EB-8FDE-372073FC066A}
		{79891F7A-864A-4CA1-B27B-EBE9048526F5} = {36B001E6-369D-46EB-8FDE-372073FC066A}
		{A37F3045-F2EA-4635-BC67-6A10DA71723F} = {0EE3C4CD-23B0-4D20-87B6-5EC724387E3C}
		{12196A23-1EE4-4D95-9F20-E75738651810} = {0EE3C4CD-23B0-4D20-87B6-5EC724387E3C}
		{944C8AFF-A660-4040-9FC3-2482F2756246} = {0EE3C4CD-23B0-4D20-87B6-5EC724387E3C}
		{48CC7ADD-E396-4525-83D5-007D9BBA1951} = {2C021FC1-3B1D-40D8-8F08-138AC338FEA1}
		{C57ABEB6-56C8-4BD5-A960-ADF1B58725D9} = {2C021FC1-3B1D-40D8-8F08-138AC338FEA1}
		{665B45AC-C9AA-44DF-87B0-ABACECA5BF7F} = {2C021FC1-3B1D-40D8-8F08-138AC338FEA1}
		{56D3B0BA-18F8-4DA7-AF11-2529AACE1881} = {2C021FC1-3B1D-40D8-8F08-138AC338FEA1}
		{05EA74C0-641E-44F2-811D-A98EA3A5A632} = {2C021FC1-3B1D-40D8-8F08-138AC338FEA1}
		{3A6432CD-6F76-4900-95BD-94E90E3E8091} = {2C021FC1-3B1D-40D8-8F08-138AC338FEA1}
	EndGlobalSection
EndGlobal
